
Microsoft Visual Studio Solution File, Format Version 12.00
# Visual Studio Version 16
VisualStudioVersion = 16.0.29306.81
MinimumVisualStudioVersion = 10.0.40219.1
Project("{9A19103F-16F7-4668-BE54-9A1E7A4F7556}") = "01. InitialSetup", "1. InitialSetup\01. InitialSetup.csproj", "{E00F22B9-428C-4B20-BDD4-3931AD9FC2E5}"
EndProject
Project("{9A19103F-16F7-4668-BE54-9A1E7A4F7556}") = "02. VillainNames", "02. VillainNames\02. VillainNames.csproj", "{6AE92987-971D-4D8B-8F6A-C33BE93B5404}"
EndProject
Project("{9A19103F-16F7-4668-BE54-9A1E7A4F7556}") = "03. MinionNames", "03. MinionNames\03. MinionNames.csproj", "{7B32FCED-5F5C-41F3-A33E-C137C7C66C14}"
EndProject
Project("{9A19103F-16F7-4668-BE54-9A1E7A4F7556}") = "04. Add Minion", "04. Add Minion\04. Add Minion.csproj", "{DD82803C-844E-435D-AA0B-A0B8A0BF8BEB}"
EndProject
Project("{FAE04EC0-301F-11D3-BF4B-00C04F79EFBC}") = "05. ChangeTownNamesCasing", "05. ChangeTownNamesCasing\05. ChangeTownNamesCasing.csproj", "{0E25B722-7A54-4FE6-9AB2-80CA46BC3A61}"
EndProject
Project("{FAE04EC0-301F-11D3-BF4B-00C04F79EFBC}") = "08. IncreaseMinionAge", "08. IncreaseMinionAge\08. IncreaseMinionAge.csproj", "{12FD251F-1EE9-4282-887F-A2F6F0DD9C82}"
EndProject
Project("{FAE04EC0-301F-11D3-BF4B-00C04F79EFBC}") = "07. PrintAllMinionNames", "07. PrintAllMinionNames\07. PrintAllMinionNames.csproj", "{FD489D95-A3CE-4054-A257-05CC1A510927}"
EndProject
Project("{FAE04EC0-301F-11D3-BF4B-00C04F79EFBC}") = "09. IncreaseAgeStoredProcedure", "09. IncreaseAgeStoredProcedure\09. IncreaseAgeStoredProcedure.csproj", "{C49334A1-F4B4-42EC-9971-C375C7695100}"
EndProject
Project("{FAE04EC0-301F-11D3-BF4B-00C04F79EFBC}") = "06. RemoveVillain", "06. RemoveVillain\06. RemoveVillain.csproj", "{67D2AABD-4CCB-4B26-BAB4-B26A65308823}"
EndProject
Global
	GlobalSection(SolutionConfigurationPlatforms) = preSolution
		Debug|Any CPU = Debug|Any CPU
		Release|Any CPU = Release|Any CPU
	EndGlobalSection
	GlobalSection(ProjectConfigurationPlatforms) = postSolution
		{E00F22B9-428C-4B20-BDD4-3931AD9FC2E5}.Debug|Any CPU.ActiveCfg = Debug|Any CPU
		{E00F22B9-428C-4B20-BDD4-3931AD9FC2E5}.Debug|Any CPU.Build.0 = Debug|Any CPU
		{E00F22B9-428C-4B20-BDD4-3931AD9FC2E5}.Release|Any CPU.ActiveCfg = Release|Any CPU
		{E00F22B9-428C-4B20-BDD4-3931AD9FC2E5}.Release|Any CPU.Build.0 = Release|Any CPU
		{6AE92987-971D-4D8B-8F6A-C33BE93B5404}.Debug|Any CPU.ActiveCfg = Debug|Any CPU
		{6AE92987-971D-4D8B-8F6A-C33BE93B5404}.Debug|Any CPU.Build.0 = Debug|Any CPU
		{6AE92987-971D-4D8B-8F6A-C33BE93B5404}.Release|Any CPU.ActiveCfg = Release|Any CPU
		{6AE92987-971D-4D8B-8F6A-C33BE93B5404}.Release|Any CPU.Build.0 = Release|Any CPU
		{7B32FCED-5F5C-41F3-A33E-C137C7C66C14}.Debug|Any CPU.ActiveCfg = Debug|Any CPU
		{7B32FCED-5F5C-41F3-A33E-C137C7C66C14}.Debug|Any CPU.Build.0 = Debug|Any CPU
		{7B32FCED-5F5C-41F3-A33E-C137C7C66C14}.Release|Any CPU.ActiveCfg = Release|Any CPU
		{7B32FCED-5F5C-41F3-A33E-C137C7C66C14}.Release|Any CPU.Build.0 = Release|Any CPU
		{DD82803C-844E-435D-AA0B-A0B8A0BF8BEB}.Debug|Any CPU.ActiveCfg = Debug|Any CPU
		{DD82803C-844E-435D-AA0B-A0B8A0BF8BEB}.Debug|Any CPU.Build.0 = Debug|Any CPU
		{DD82803C-844E-435D-AA0B-A0B8A0BF8BEB}.Release|Any CPU.ActiveCfg = Release|Any CPU
		{DD82803C-844E-435D-AA0B-A0B8A0BF8BEB}.Release|Any CPU.Build.0 = Release|Any CPU
		{0E25B722-7A54-4FE6-9AB2-80CA46BC3A61}.Debug|Any CPU.ActiveCfg = Debug|Any CPU
		{0E25B722-7A54-4FE6-9AB2-80CA46BC3A61}.Debug|Any CPU.Build.0 = Debug|Any CPU
		{0E25B722-7A54-4FE6-9AB2-80CA46BC3A61}.Release|Any CPU.ActiveCfg = Release|Any CPU
		{0E25B722-7A54-4FE6-9AB2-80CA46BC3A61}.Release|Any CPU.Build.0 = Release|Any CPU
		{12FD251F-1EE9-4282-887F-A2F6F0DD9C82}.Debug|Any CPU.ActiveCfg = Debug|Any CPU
		{12FD251F-1EE9-4282-887F-A2F6F0DD9C82}.Debug|Any CPU.Build.0 = Debug|Any CPU
		{12FD251F-1EE9-4282-887F-A2F6F0DD9C82}.Release|Any CPU.ActiveCfg = Release|Any CPU
		{12FD251F-1EE9-4282-887F-A2F6F0DD9C82}.Release|Any CPU.Build.0 = Release|Any CPU
		{FD489D95-A3CE-4054-A257-05CC1A510927}.Debug|Any CPU.ActiveCfg = Debug|Any CPU
		{FD489D95-A3CE-4054-A257-05CC1A510927}.Debug|Any CPU.Build.0 = Debug|Any CPU
		{FD489D95-A3CE-4054-A257-05CC1A510927}.Release|Any CPU.ActiveCfg = Release|Any CPU
		{FD489D95-A3CE-4054-A257-05CC1A510927}.Release|Any CPU.Build.0 = Release|Any CPU
		{C49334A1-F4B4-42EC-9971-C375C7695100}.Debug|Any CPU.ActiveCfg = Debug|Any CPU
		{C49334A1-F4B4-42EC-9971-C375C7695100}.Debug|Any CPU.Build.0 = Debug|Any CPU
		{C49334A1-F4B4-42EC-9971-C375C7695100}.Release|Any CPU.ActiveCfg = Release|Any CPU
		{C49334A1-F4B4-42EC-9971-C375C7695100}.Release|Any CPU.Build.0 = Release|Any CPU
		{67D2AABD-4CCB-4B26-BAB4-B26A65308823}.Debug|Any CPU.ActiveCfg = Debug|Any CPU
		{67D2AABD-4CCB-4B26-BAB4-B26A65308823}.Debug|Any CPU.Build.0 = Debug|Any CPU
		{67D2AABD-4CCB-4B26-BAB4-B26A65308823}.Release|Any CPU.ActiveCfg = Release|Any CPU
		{67D2AABD-4CCB-4B26-BAB4-B26A65308823}.Release|Any CPU.Build.0 = Release|Any CPU
	EndGlobalSection
	GlobalSection(SolutionProperties) = preSolution
		HideSolutionNode = FALSE
	EndGlobalSection
	GlobalSection(ExtensibilityGlobals) = postSolution
		SolutionGuid = {6C94F436-72F6-499E-B9D8-18F4318E55D8}
	EndGlobalSection
EndGlobal
