
Microsoft Visual Studio Solution File, Format Version 12.00
# Visual Studio 15
VisualStudioVersion = 15.0.28010.2046
MinimumVisualStudioVersion = 10.0.40219.1
Project("{FAE04EC0-301F-11D3-BF4B-00C04F79EFBC}") = "01. Sum Seconds", "01. Sum Seconds\01. Sum Seconds.csproj", "{AC863435-E1C0-4D77-BF51-67F6DB2C7487}"
EndProject
Project("{FAE04EC0-301F-11D3-BF4B-00C04F79EFBC}") = "02. Bonus Score", "02. Bonus Score\02. Bonus Score.csproj", "{198F58E0-5077-43C3-B7AB-7E3B42F4C71C}"
EndProject
Project("{FAE04EC0-301F-11D3-BF4B-00C04F79EFBC}") = "03. Speed Info", "03. Speed Info\03. Speed Info.csproj", "{8B019F18-DE21-49DF-BAF8-9F7097FDAA25}"
EndProject
Project("{FAE04EC0-301F-11D3-BF4B-00C04F79EFBC}") = "04. Metric Converter", "04. Metric Converter\04. Metric Converter.csproj", "{B07FFFDC-C1F6-4B20-8E02-2B0732031089}"
EndProject
Project("{FAE04EC0-301F-11D3-BF4B-00C04F79EFBC}") = "05. Time + 15 Minutes", "05. Time + 15 Minutes\05. Time + 15 Minutes.csproj", "{ED94BE1B-C9E7-44D3-B1B4-535AFC5FCA28}"
EndProject
Project("{FAE04EC0-301F-11D3-BF4B-00C04F79EFBC}") = "06. Three brothers", "06. Three brothers\06. Three brothers.csproj", "{E9D0EF50-B688-4631-89D2-A54CE91A2BE3}"
EndProject
Project("{FAE04EC0-301F-11D3-BF4B-00C04F79EFBC}") = "07. Scholarship", "07. Scholarship\07. Scholarship.csproj", "{831F812F-2F53-4D38-96B3-D7C8CA2648A9}"
EndProject
Project("{FAE04EC0-301F-11D3-BF4B-00C04F79EFBC}") = "08. Choreography", "08. Choreography\08. Choreography.csproj", "{0B871BE2-84D4-4485-824D-922F6DD940AD}"
EndProject
Project("{FAE04EC0-301F-11D3-BF4B-00C04F79EFBC}") = "09. World Swimming Record", "09. World Swimming Record\09. World Swimming Record.csproj", "{4E5C5890-B341-464B-A5E7-5736C8A80534}"
EndProject
Global
	GlobalSection(SolutionConfigurationPlatforms) = preSolution
		Debug|Any CPU = Debug|Any CPU
		Release|Any CPU = Release|Any CPU
	EndGlobalSection
	GlobalSection(ProjectConfigurationPlatforms) = postSolution
		{AC863435-E1C0-4D77-BF51-67F6DB2C7487}.Debug|Any CPU.ActiveCfg = Debug|Any CPU
		{AC863435-E1C0-4D77-BF51-67F6DB2C7487}.Debug|Any CPU.Build.0 = Debug|Any CPU
		{AC863435-E1C0-4D77-BF51-67F6DB2C7487}.Release|Any CPU.ActiveCfg = Release|Any CPU
		{AC863435-E1C0-4D77-BF51-67F6DB2C7487}.Release|Any CPU.Build.0 = Release|Any CPU
		{198F58E0-5077-43C3-B7AB-7E3B42F4C71C}.Debug|Any CPU.ActiveCfg = Debug|Any CPU
		{198F58E0-5077-43C3-B7AB-7E3B42F4C71C}.Debug|Any CPU.Build.0 = Debug|Any CPU
		{198F58E0-5077-43C3-B7AB-7E3B42F4C71C}.Release|Any CPU.ActiveCfg = Release|Any CPU
		{198F58E0-5077-43C3-B7AB-7E3B42F4C71C}.Release|Any CPU.Build.0 = Release|Any CPU
		{8B019F18-DE21-49DF-BAF8-9F7097FDAA25}.Debug|Any CPU.ActiveCfg = Debug|Any CPU
		{8B019F18-DE21-49DF-BAF8-9F7097FDAA25}.Debug|Any CPU.Build.0 = Debug|Any CPU
		{8B019F18-DE21-49DF-BAF8-9F7097FDAA25}.Release|Any CPU.ActiveCfg = Release|Any CPU
		{8B019F18-DE21-49DF-BAF8-9F7097FDAA25}.Release|Any CPU.Build.0 = Release|Any CPU
		{B07FFFDC-C1F6-4B20-8E02-2B0732031089}.Debug|Any CPU.ActiveCfg = Debug|Any CPU
		{B07FFFDC-C1F6-4B20-8E02-2B0732031089}.Debug|Any CPU.Build.0 = Debug|Any CPU
		{B07FFFDC-C1F6-4B20-8E02-2B0732031089}.Release|Any CPU.ActiveCfg = Release|Any CPU
		{B07FFFDC-C1F6-4B20-8E02-2B0732031089}.Release|Any CPU.Build.0 = Release|Any CPU
		{ED94BE1B-C9E7-44D3-B1B4-535AFC5FCA28}.Debug|Any CPU.ActiveCfg = Debug|Any CPU
		{ED94BE1B-C9E7-44D3-B1B4-535AFC5FCA28}.Debug|Any CPU.Build.0 = Debug|Any CPU
		{ED94BE1B-C9E7-44D3-B1B4-535AFC5FCA28}.Release|Any CPU.ActiveCfg = Release|Any CPU
		{ED94BE1B-C9E7-44D3-B1B4-535AFC5FCA28}.Release|Any CPU.Build.0 = Release|Any CPU
		{E9D0EF50-B688-4631-89D2-A54CE91A2BE3}.Debug|Any CPU.ActiveCfg = Debug|Any CPU
		{E9D0EF50-B688-4631-89D2-A54CE91A2BE3}.Debug|Any CPU.Build.0 = Debug|Any CPU
		{E9D0EF50-B688-4631-89D2-A54CE91A2BE3}.Release|Any CPU.ActiveCfg = Release|Any CPU
		{E9D0EF50-B688-4631-89D2-A54CE91A2BE3}.Release|Any CPU.Build.0 = Release|Any CPU
		{831F812F-2F53-4D38-96B3-D7C8CA2648A9}.Debug|Any CPU.ActiveCfg = Debug|Any CPU
		{831F812F-2F53-4D38-96B3-D7C8CA2648A9}.Debug|Any CPU.Build.0 = Debug|Any CPU
		{831F812F-2F53-4D38-96B3-D7C8CA2648A9}.Release|Any CPU.ActiveCfg = Release|Any CPU
		{831F812F-2F53-4D38-96B3-D7C8CA2648A9}.Release|Any CPU.Build.0 = Release|Any CPU
		{0B871BE2-84D4-4485-824D-922F6DD940AD}.Debug|Any CPU.ActiveCfg = Debug|Any CPU
		{0B871BE2-84D4-4485-824D-922F6DD940AD}.Debug|Any CPU.Build.0 = Debug|Any CPU
		{0B871BE2-84D4-4485-824D-922F6DD940AD}.Release|Any CPU.ActiveCfg = Release|Any CPU
		{0B871BE2-84D4-4485-824D-922F6DD940AD}.Release|Any CPU.Build.0 = Release|Any CPU
		{4E5C5890-B341-464B-A5E7-5736C8A80534}.Debug|Any CPU.ActiveCfg = Debug|Any CPU
		{4E5C5890-B341-464B-A5E7-5736C8A80534}.Debug|Any CPU.Build.0 = Debug|Any CPU
		{4E5C5890-B341-464B-A5E7-5736C8A80534}.Release|Any CPU.ActiveCfg = Release|Any CPU
		{4E5C5890-B341-464B-A5E7-5736C8A80534}.Release|Any CPU.Build.0 = Release|Any CPU
	EndGlobalSection
	GlobalSection(SolutionProperties) = preSolution
		HideSolutionNode = FALSE
	EndGlobalSection
	GlobalSection(ExtensibilityGlobals) = postSolution
		SolutionGuid = {5AD02889-E8BE-4106-A13A-F5AD3008CB89}
	EndGlobalSection
EndGlobal
