
Microsoft Visual Studio Solution File, Format Version 12.00
# Visual Studio 15
VisualStudioVersion = 15.0.28307.421
MinimumVisualStudioVersion = 10.0.40219.1
Project("{FAE04EC0-301F-11D3-BF4B-00C04F79EFBC}") = "01. Company Roster", "01. Company Roster\01. Company Roster.csproj", "{B80504D1-6016-4D2F-8455-96E6C66B078E}"
EndProject
Project("{FAE04EC0-301F-11D3-BF4B-00C04F79EFBC}") = "02. Oldest Family Member", "02. Oldest Family Member\02. Oldest Family Member.csproj", "{B6429802-890F-4470-A36A-43A1E6AAB45F}"
EndProject
Project("{FAE04EC0-301F-11D3-BF4B-00C04F79EFBC}") = "03. Speed Racing", "03. Speed Racing\03. Speed Racing.csproj", "{F3E5A65C-D034-49A2-BEC2-945767A9B0B5}"
EndProject
Project("{FAE04EC0-301F-11D3-BF4B-00C04F79EFBC}") = "04. Raw Data", "04. Raw Data\04. Raw Data.csproj", "{AAAD3FA5-1F90-4B11-BE2D-DA155BE11B42}"
EndProject
Project("{FAE04EC0-301F-11D3-BF4B-00C04F79EFBC}") = "05. Shopping Spree", "05. Shopping Spree\05. Shopping Spree.csproj", "{B70EAFA2-57CD-4935-A725-C92C0C1E64C5}"
EndProject
Global
	GlobalSection(SolutionConfigurationPlatforms) = preSolution
		Debug|Any CPU = Debug|Any CPU
		Release|Any CPU = Release|Any CPU
	EndGlobalSection
	GlobalSection(ProjectConfigurationPlatforms) = postSolution
		{B80504D1-6016-4D2F-8455-96E6C66B078E}.Debug|Any CPU.ActiveCfg = Debug|Any CPU
		{B80504D1-6016-4D2F-8455-96E6C66B078E}.Debug|Any CPU.Build.0 = Debug|Any CPU
		{B80504D1-6016-4D2F-8455-96E6C66B078E}.Release|Any CPU.ActiveCfg = Release|Any CPU
		{B80504D1-6016-4D2F-8455-96E6C66B078E}.Release|Any CPU.Build.0 = Release|Any CPU
		{B6429802-890F-4470-A36A-43A1E6AAB45F}.Debug|Any CPU.ActiveCfg = Debug|Any CPU
		{B6429802-890F-4470-A36A-43A1E6AAB45F}.Debug|Any CPU.Build.0 = Debug|Any CPU
		{B6429802-890F-4470-A36A-43A1E6AAB45F}.Release|Any CPU.ActiveCfg = Release|Any CPU
		{B6429802-890F-4470-A36A-43A1E6AAB45F}.Release|Any CPU.Build.0 = Release|Any CPU
		{F3E5A65C-D034-49A2-BEC2-945767A9B0B5}.Debug|Any CPU.ActiveCfg = Debug|Any CPU
		{F3E5A65C-D034-49A2-BEC2-945767A9B0B5}.Debug|Any CPU.Build.0 = Debug|Any CPU
		{F3E5A65C-D034-49A2-BEC2-945767A9B0B5}.Release|Any CPU.ActiveCfg = Release|Any CPU
		{F3E5A65C-D034-49A2-BEC2-945767A9B0B5}.Release|Any CPU.Build.0 = Release|Any CPU
		{AAAD3FA5-1F90-4B11-BE2D-DA155BE11B42}.Debug|Any CPU.ActiveCfg = Debug|Any CPU
		{AAAD3FA5-1F90-4B11-BE2D-DA155BE11B42}.Debug|Any CPU.Build.0 = Debug|Any CPU
		{AAAD3FA5-1F90-4B11-BE2D-DA155BE11B42}.Release|Any CPU.ActiveCfg = Release|Any CPU
		{AAAD3FA5-1F90-4B11-BE2D-DA155BE11B42}.Release|Any CPU.Build.0 = Release|Any CPU
		{B70EAFA2-57CD-4935-A725-C92C0C1E64C5}.Debug|Any CPU.ActiveCfg = Debug|Any CPU
		{B70EAFA2-57CD-4935-A725-C92C0C1E64C5}.Debug|Any CPU.Build.0 = Debug|Any CPU
		{B70EAFA2-57CD-4935-A725-C92C0C1E64C5}.Release|Any CPU.ActiveCfg = Release|Any CPU
		{B70EAFA2-57CD-4935-A725-C92C0C1E64C5}.Release|Any CPU.Build.0 = Release|Any CPU
	EndGlobalSection
	GlobalSection(SolutionProperties) = preSolution
		HideSolutionNode = FALSE
	EndGlobalSection
	GlobalSection(ExtensibilityGlobals) = postSolution
		SolutionGuid = {266D2B4C-C5A7-41C4-AA9D-0A21492E29F6}
	EndGlobalSection
EndGlobal
