
Microsoft Visual Studio Solution File, Format Version 12.00
# Visual Studio Version 16
VisualStudioVersion = 16.0.29009.5
MinimumVisualStudioVersion = 10.0.40219.1
Project("{9A19103F-16F7-4668-BE54-9A1E7A4F7556}") = "01.ListyIterator", "01.ListyIterator\01.ListyIterator.csproj", "{B7C306EE-938D-41EA-B073-A6F0FDFCD717}"
EndProject
Project("{FAE04EC0-301F-11D3-BF4B-00C04F79EFBC}") = "02.Collection", "02.Collection\02.Collection.csproj", "{57076B03-2E20-4BB9-ABDA-FB2D969C6B4F}"
EndProject
Project("{FAE04EC0-301F-11D3-BF4B-00C04F79EFBC}") = "03.Stack", "03.Stack\03.Stack.csproj", "{84C90E3C-6D29-48CD-8635-D7B5907DE564}"
EndProject
Project("{FAE04EC0-301F-11D3-BF4B-00C04F79EFBC}") = "04.Froggy", "04.Froggy\04.Froggy.csproj", "{50B7A48E-665F-4943-892D-934D1E9CD7BB}"
EndProject
Project("{FAE04EC0-301F-11D3-BF4B-00C04F79EFBC}") = "05.ComparingObjects", "05.ComparingObjects\05.ComparingObjects.csproj", "{45440B41-7B5D-4767-AA26-4F3B1D6CCD22}"
EndProject
Project("{FAE04EC0-301F-11D3-BF4B-00C04F79EFBC}") = "06.EqualityLogic", "06.EqualityLogic\06.EqualityLogic.csproj", "{CC1B6CA7-CA74-4150-A47E-883130327C70}"
EndProject
Project("{9A19103F-16F7-4668-BE54-9A1E7A4F7556}") = "09.CustomLinkedList", "07.CustomLinkedList\09.CustomLinkedList.csproj", "{DAB98C78-CC3B-4573-B717-BF196DF9E056}"
EndProject
Global
	GlobalSection(SolutionConfigurationPlatforms) = preSolution
		Debug|Any CPU = Debug|Any CPU
		Release|Any CPU = Release|Any CPU
	EndGlobalSection
	GlobalSection(ProjectConfigurationPlatforms) = postSolution
		{B7C306EE-938D-41EA-B073-A6F0FDFCD717}.Debug|Any CPU.ActiveCfg = Debug|Any CPU
		{B7C306EE-938D-41EA-B073-A6F0FDFCD717}.Debug|Any CPU.Build.0 = Debug|Any CPU
		{B7C306EE-938D-41EA-B073-A6F0FDFCD717}.Release|Any CPU.ActiveCfg = Release|Any CPU
		{B7C306EE-938D-41EA-B073-A6F0FDFCD717}.Release|Any CPU.Build.0 = Release|Any CPU
		{57076B03-2E20-4BB9-ABDA-FB2D969C6B4F}.Debug|Any CPU.ActiveCfg = Debug|Any CPU
		{57076B03-2E20-4BB9-ABDA-FB2D969C6B4F}.Debug|Any CPU.Build.0 = Debug|Any CPU
		{57076B03-2E20-4BB9-ABDA-FB2D969C6B4F}.Release|Any CPU.ActiveCfg = Release|Any CPU
		{57076B03-2E20-4BB9-ABDA-FB2D969C6B4F}.Release|Any CPU.Build.0 = Release|Any CPU
		{84C90E3C-6D29-48CD-8635-D7B5907DE564}.Debug|Any CPU.ActiveCfg = Debug|Any CPU
		{84C90E3C-6D29-48CD-8635-D7B5907DE564}.Debug|Any CPU.Build.0 = Debug|Any CPU
		{84C90E3C-6D29-48CD-8635-D7B5907DE564}.Release|Any CPU.ActiveCfg = Release|Any CPU
		{84C90E3C-6D29-48CD-8635-D7B5907DE564}.Release|Any CPU.Build.0 = Release|Any CPU
		{50B7A48E-665F-4943-892D-934D1E9CD7BB}.Debug|Any CPU.ActiveCfg = Debug|Any CPU
		{50B7A48E-665F-4943-892D-934D1E9CD7BB}.Debug|Any CPU.Build.0 = Debug|Any CPU
		{50B7A48E-665F-4943-892D-934D1E9CD7BB}.Release|Any CPU.ActiveCfg = Release|Any CPU
		{50B7A48E-665F-4943-892D-934D1E9CD7BB}.Release|Any CPU.Build.0 = Release|Any CPU
		{45440B41-7B5D-4767-AA26-4F3B1D6CCD22}.Debug|Any CPU.ActiveCfg = Debug|Any CPU
		{45440B41-7B5D-4767-AA26-4F3B1D6CCD22}.Debug|Any CPU.Build.0 = Debug|Any CPU
		{45440B41-7B5D-4767-AA26-4F3B1D6CCD22}.Release|Any CPU.ActiveCfg = Release|Any CPU
		{45440B41-7B5D-4767-AA26-4F3B1D6CCD22}.Release|Any CPU.Build.0 = Release|Any CPU
		{CC1B6CA7-CA74-4150-A47E-883130327C70}.Debug|Any CPU.ActiveCfg = Debug|Any CPU
		{CC1B6CA7-CA74-4150-A47E-883130327C70}.Debug|Any CPU.Build.0 = Debug|Any CPU
		{CC1B6CA7-CA74-4150-A47E-883130327C70}.Release|Any CPU.ActiveCfg = Release|Any CPU
		{CC1B6CA7-CA74-4150-A47E-883130327C70}.Release|Any CPU.Build.0 = Release|Any CPU
		{DAB98C78-CC3B-4573-B717-BF196DF9E056}.Debug|Any CPU.ActiveCfg = Debug|Any CPU
		{DAB98C78-CC3B-4573-B717-BF196DF9E056}.Debug|Any CPU.Build.0 = Debug|Any CPU
		{DAB98C78-CC3B-4573-B717-BF196DF9E056}.Release|Any CPU.ActiveCfg = Release|Any CPU
		{DAB98C78-CC3B-4573-B717-BF196DF9E056}.Release|Any CPU.Build.0 = Release|Any CPU
	EndGlobalSection
	GlobalSection(SolutionProperties) = preSolution
		HideSolutionNode = FALSE
	EndGlobalSection
	GlobalSection(ExtensibilityGlobals) = postSolution
		SolutionGuid = {0E545B2C-D4FC-4DA7-82BF-59E9978663D3}
	EndGlobalSection
EndGlobal
