
Microsoft Visual Studio Solution File, Format Version 12.00
# Visual Studio Version 16
VisualStudioVersion = 16.0.30320.27
MinimumVisualStudioVersion = 10.0.40219.1
Project("{FAE04EC0-301F-11D3-BF4B-00C04F79EFBC}") = "01.VariationsWithRepetitions", "01.VariationsWithRepetitions\01.VariationsWithRepetitions.csproj", "{022B95AC-575A-4E26-AA00-935C707D7135}"
EndProject
Project("{FAE04EC0-301F-11D3-BF4B-00C04F79EFBC}") = "02.VariationsWihoutRepetitions", "02.VariationsWihoutRepetitions\02.VariationsWihoutRepetitions.csproj", "{423BBBF0-0966-4867-863B-55D2869C9CA4}"
EndProject
Project("{FAE04EC0-301F-11D3-BF4B-00C04F79EFBC}") = "03.CombinationsWithRepetions", "03.CombinationsWithRepetions\03.CombinationsWithRepetions.csproj", "{939A45DD-8CEF-4164-8C86-70F841915723}"
EndProject
Project("{FAE04EC0-301F-11D3-BF4B-00C04F79EFBC}") = "04.CombinationsWihtoutRepetitions", "04.CombinationsWihtoutRepetitions\04.CombinationsWihtoutRepetitions.csproj", "{B5E01DD8-7514-4E1B-A892-2BD1B09D3BB7}"
EndProject
Global
	GlobalSection(SolutionConfigurationPlatforms) = preSolution
		Debug|Any CPU = Debug|Any CPU
		Release|Any CPU = Release|Any CPU
	EndGlobalSection
	GlobalSection(ProjectConfigurationPlatforms) = postSolution
		{022B95AC-575A-4E26-AA00-935C707D7135}.Debug|Any CPU.ActiveCfg = Debug|Any CPU
		{022B95AC-575A-4E26-AA00-935C707D7135}.Debug|Any CPU.Build.0 = Debug|Any CPU
		{022B95AC-575A-4E26-AA00-935C707D7135}.Release|Any CPU.ActiveCfg = Release|Any CPU
		{022B95AC-575A-4E26-AA00-935C707D7135}.Release|Any CPU.Build.0 = Release|Any CPU
		{423BBBF0-0966-4867-863B-55D2869C9CA4}.Debug|Any CPU.ActiveCfg = Debug|Any CPU
		{423BBBF0-0966-4867-863B-55D2869C9CA4}.Debug|Any CPU.Build.0 = Debug|Any CPU
		{423BBBF0-0966-4867-863B-55D2869C9CA4}.Release|Any CPU.ActiveCfg = Release|Any CPU
		{423BBBF0-0966-4867-863B-55D2869C9CA4}.Release|Any CPU.Build.0 = Release|Any CPU
		{939A45DD-8CEF-4164-8C86-70F841915723}.Debug|Any CPU.ActiveCfg = Debug|Any CPU
		{939A45DD-8CEF-4164-8C86-70F841915723}.Debug|Any CPU.Build.0 = Debug|Any CPU
		{939A45DD-8CEF-4164-8C86-70F841915723}.Release|Any CPU.ActiveCfg = Release|Any CPU
		{939A45DD-8CEF-4164-8C86-70F841915723}.Release|Any CPU.Build.0 = Release|Any CPU
		{B5E01DD8-7514-4E1B-A892-2BD1B09D3BB7}.Debug|Any CPU.ActiveCfg = Debug|Any CPU
		{B5E01DD8-7514-4E1B-A892-2BD1B09D3BB7}.Debug|Any CPU.Build.0 = Debug|Any CPU
		{B5E01DD8-7514-4E1B-A892-2BD1B09D3BB7}.Release|Any CPU.ActiveCfg = Release|Any CPU
		{B5E01DD8-7514-4E1B-A892-2BD1B09D3BB7}.Release|Any CPU.Build.0 = Release|Any CPU
	EndGlobalSection
	GlobalSection(SolutionProperties) = preSolution
		HideSolutionNode = FALSE
	EndGlobalSection
	GlobalSection(ExtensibilityGlobals) = postSolution
		SolutionGuid = {310BA97A-74E6-4AAE-94D2-2A33A59C8249}
	EndGlobalSection
EndGlobal
