
Microsoft Visual Studio Solution File, Format Version 12.00
# Visual Studio Version 16
VisualStudioVersion = 16.0.28922.388
MinimumVisualStudioVersion = 10.0.40219.1
Project("{9A19103F-16F7-4668-BE54-9A1E7A4F7556}") = "01.DefineaClassPerson", "01. Define a Class Person\01.DefineaClassPerson.csproj", "{F559248B-604B-4F2A-B5E7-943742E0D18F}"
EndProject
Project("{9A19103F-16F7-4668-BE54-9A1E7A4F7556}") = "02.CreatingConstructors", "02.CreatingConstructors\02.CreatingConstructors.csproj", "{EDFEEE6E-8FC6-4A0F-8BAB-78868070A243}"
EndProject
Project("{9A19103F-16F7-4668-BE54-9A1E7A4F7556}") = "03.OldestFamilyMember", "03.OldestFamilyMember\03.OldestFamilyMember.csproj", "{C207DA82-3F2B-410D-863F-1498AC92468B}"
EndProject
Project("{9A19103F-16F7-4668-BE54-9A1E7A4F7556}") = "04.OpinionPoll", "04.OpinionPoll\04.OpinionPoll.csproj", "{019DE452-FCC7-4BE7-878F-3DC83F063C1E}"
EndProject
Project("{9A19103F-16F7-4668-BE54-9A1E7A4F7556}") = "05.DateModifier", "05.DateModifier\05.DateModifier.csproj", "{0B8010FE-FEAE-49E2-9FD6-3ED3775DC684}"
EndProject
Project("{9A19103F-16F7-4668-BE54-9A1E7A4F7556}") = "06.SpeedRacing", "06. Speed Racing\06.SpeedRacing.csproj", "{49117C20-9E34-4A22-A790-FE428D84DC93}"
EndProject
Project("{9A19103F-16F7-4668-BE54-9A1E7A4F7556}") = "07.RawData", "07.RawData\07.RawData.csproj", "{17B9DFFF-34E8-47A6-87AB-40ECCE6252D5}"
EndProject
Project("{9A19103F-16F7-4668-BE54-9A1E7A4F7556}") = "08.CarSalesman", "08.CarSalesman\08.CarSalesman.csproj", "{522F18EF-0783-4587-9411-D175DE42CF50}"
EndProject
Project("{9A19103F-16F7-4668-BE54-9A1E7A4F7556}") = "09.PokemonTrainer", "09.PokemonTrainer\09.PokemonTrainer.csproj", "{25DBB7E3-52C8-4239-9AE4-7DB9E7527C68}"
EndProject
Project("{9A19103F-16F7-4668-BE54-9A1E7A4F7556}") = "SoftUniParking", "SoftUniParking\SoftUniParking.csproj", "{97ED0248-7C5E-4A68-B5C2-7D8151BEFF84}"
EndProject
Global
	GlobalSection(SolutionConfigurationPlatforms) = preSolution
		Debug|Any CPU = Debug|Any CPU
		Release|Any CPU = Release|Any CPU
	EndGlobalSection
	GlobalSection(ProjectConfigurationPlatforms) = postSolution
		{F559248B-604B-4F2A-B5E7-943742E0D18F}.Debug|Any CPU.ActiveCfg = Debug|Any CPU
		{F559248B-604B-4F2A-B5E7-943742E0D18F}.Debug|Any CPU.Build.0 = Debug|Any CPU
		{F559248B-604B-4F2A-B5E7-943742E0D18F}.Release|Any CPU.ActiveCfg = Release|Any CPU
		{F559248B-604B-4F2A-B5E7-943742E0D18F}.Release|Any CPU.Build.0 = Release|Any CPU
		{EDFEEE6E-8FC6-4A0F-8BAB-78868070A243}.Debug|Any CPU.ActiveCfg = Debug|Any CPU
		{EDFEEE6E-8FC6-4A0F-8BAB-78868070A243}.Debug|Any CPU.Build.0 = Debug|Any CPU
		{EDFEEE6E-8FC6-4A0F-8BAB-78868070A243}.Release|Any CPU.ActiveCfg = Release|Any CPU
		{EDFEEE6E-8FC6-4A0F-8BAB-78868070A243}.Release|Any CPU.Build.0 = Release|Any CPU
		{C207DA82-3F2B-410D-863F-1498AC92468B}.Debug|Any CPU.ActiveCfg = Debug|Any CPU
		{C207DA82-3F2B-410D-863F-1498AC92468B}.Debug|Any CPU.Build.0 = Debug|Any CPU
		{C207DA82-3F2B-410D-863F-1498AC92468B}.Release|Any CPU.ActiveCfg = Release|Any CPU
		{C207DA82-3F2B-410D-863F-1498AC92468B}.Release|Any CPU.Build.0 = Release|Any CPU
		{019DE452-FCC7-4BE7-878F-3DC83F063C1E}.Debug|Any CPU.ActiveCfg = Debug|Any CPU
		{019DE452-FCC7-4BE7-878F-3DC83F063C1E}.Debug|Any CPU.Build.0 = Debug|Any CPU
		{019DE452-FCC7-4BE7-878F-3DC83F063C1E}.Release|Any CPU.ActiveCfg = Release|Any CPU
		{019DE452-FCC7-4BE7-878F-3DC83F063C1E}.Release|Any CPU.Build.0 = Release|Any CPU
		{0B8010FE-FEAE-49E2-9FD6-3ED3775DC684}.Debug|Any CPU.ActiveCfg = Debug|Any CPU
		{0B8010FE-FEAE-49E2-9FD6-3ED3775DC684}.Debug|Any CPU.Build.0 = Debug|Any CPU
		{0B8010FE-FEAE-49E2-9FD6-3ED3775DC684}.Release|Any CPU.ActiveCfg = Release|Any CPU
		{0B8010FE-FEAE-49E2-9FD6-3ED3775DC684}.Release|Any CPU.Build.0 = Release|Any CPU
		{49117C20-9E34-4A22-A790-FE428D84DC93}.Debug|Any CPU.ActiveCfg = Debug|Any CPU
		{49117C20-9E34-4A22-A790-FE428D84DC93}.Debug|Any CPU.Build.0 = Debug|Any CPU
		{49117C20-9E34-4A22-A790-FE428D84DC93}.Release|Any CPU.ActiveCfg = Release|Any CPU
		{49117C20-9E34-4A22-A790-FE428D84DC93}.Release|Any CPU.Build.0 = Release|Any CPU
		{17B9DFFF-34E8-47A6-87AB-40ECCE6252D5}.Debug|Any CPU.ActiveCfg = Debug|Any CPU
		{17B9DFFF-34E8-47A6-87AB-40ECCE6252D5}.Debug|Any CPU.Build.0 = Debug|Any CPU
		{17B9DFFF-34E8-47A6-87AB-40ECCE6252D5}.Release|Any CPU.ActiveCfg = Release|Any CPU
		{17B9DFFF-34E8-47A6-87AB-40ECCE6252D5}.Release|Any CPU.Build.0 = Release|Any CPU
		{522F18EF-0783-4587-9411-D175DE42CF50}.Debug|Any CPU.ActiveCfg = Debug|Any CPU
		{522F18EF-0783-4587-9411-D175DE42CF50}.Debug|Any CPU.Build.0 = Debug|Any CPU
		{522F18EF-0783-4587-9411-D175DE42CF50}.Release|Any CPU.ActiveCfg = Release|Any CPU
		{522F18EF-0783-4587-9411-D175DE42CF50}.Release|Any CPU.Build.0 = Release|Any CPU
		{25DBB7E3-52C8-4239-9AE4-7DB9E7527C68}.Debug|Any CPU.ActiveCfg = Debug|Any CPU
		{25DBB7E3-52C8-4239-9AE4-7DB9E7527C68}.Debug|Any CPU.Build.0 = Debug|Any CPU
		{25DBB7E3-52C8-4239-9AE4-7DB9E7527C68}.Release|Any CPU.ActiveCfg = Release|Any CPU
		{25DBB7E3-52C8-4239-9AE4-7DB9E7527C68}.Release|Any CPU.Build.0 = Release|Any CPU
		{97ED0248-7C5E-4A68-B5C2-7D8151BEFF84}.Debug|Any CPU.ActiveCfg = Debug|Any CPU
		{97ED0248-7C5E-4A68-B5C2-7D8151BEFF84}.Debug|Any CPU.Build.0 = Debug|Any CPU
		{97ED0248-7C5E-4A68-B5C2-7D8151BEFF84}.Release|Any CPU.ActiveCfg = Release|Any CPU
		{97ED0248-7C5E-4A68-B5C2-7D8151BEFF84}.Release|Any CPU.Build.0 = Release|Any CPU
	EndGlobalSection
	GlobalSection(SolutionProperties) = preSolution
		HideSolutionNode = FALSE
	EndGlobalSection
	GlobalSection(ExtensibilityGlobals) = postSolution
		SolutionGuid = {4338E74A-6CFA-4437-A099-1665A958C4F3}
	EndGlobalSection
EndGlobal
