
Microsoft Visual Studio Solution File, Format Version 12.00
# Visual Studio Version 16
VisualStudioVersion = 16.0.28917.181
MinimumVisualStudioVersion = 10.0.40219.1
Project("{9A19103F-16F7-4668-BE54-9A1E7A4F7556}") = "01. Unique Usernames", "01. Unique Usernames\01. Unique Usernames.csproj", "{8AD5A4E3-1235-4649-AB71-05246398A293}"
EndProject
Project("{9A19103F-16F7-4668-BE54-9A1E7A4F7556}") = "02. Sets of Elements", "02. Sets of Elements\02. Sets of Elements.csproj", "{82D97956-C561-435D-91F8-329CD673A768}"
EndProject
Project("{9A19103F-16F7-4668-BE54-9A1E7A4F7556}") = "03. Periodic Table", "03. Periodic Table\03. Periodic Table.csproj", "{A94978A6-CC9C-4FA8-90DD-ED572CF7EF1C}"
EndProject
Project("{9A19103F-16F7-4668-BE54-9A1E7A4F7556}") = "04. Even Times", "04. Even Times\04. Even Times.csproj", "{64662F46-CB53-498D-BFFA-FDE14F8885BA}"
EndProject
Project("{9A19103F-16F7-4668-BE54-9A1E7A4F7556}") = "05. Count Symbols", "05. Count Symbols\05. Count Symbols.csproj", "{F49B5BB2-0B9C-4583-8374-BD0A14D7A394}"
EndProject
Project("{FAE04EC0-301F-11D3-BF4B-00C04F79EFBC}") = "06. Wardrobe", "06. Wardrobe\06. Wardrobe.csproj", "{3FFD970A-88B0-4FE5-B59F-48CE2550A29B}"
EndProject
Project("{FAE04EC0-301F-11D3-BF4B-00C04F79EFBC}") = "07. The V-Logger", "07. The V-Logger\07. The V-Logger.csproj", "{878E60B3-E069-4CAA-9BFF-3C33B8E6FC08}"
EndProject
Project("{FAE04EC0-301F-11D3-BF4B-00C04F79EFBC}") = "08. Ranking", "08. Ranking\08. Ranking.csproj", "{9784F40F-30F6-49D1-A495-35FBAD1FFF63}"
EndProject
Global
	GlobalSection(SolutionConfigurationPlatforms) = preSolution
		Debug|Any CPU = Debug|Any CPU
		Release|Any CPU = Release|Any CPU
	EndGlobalSection
	GlobalSection(ProjectConfigurationPlatforms) = postSolution
		{8AD5A4E3-1235-4649-AB71-05246398A293}.Debug|Any CPU.ActiveCfg = Debug|Any CPU
		{8AD5A4E3-1235-4649-AB71-05246398A293}.Debug|Any CPU.Build.0 = Debug|Any CPU
		{8AD5A4E3-1235-4649-AB71-05246398A293}.Release|Any CPU.ActiveCfg = Release|Any CPU
		{8AD5A4E3-1235-4649-AB71-05246398A293}.Release|Any CPU.Build.0 = Release|Any CPU
		{82D97956-C561-435D-91F8-329CD673A768}.Debug|Any CPU.ActiveCfg = Debug|Any CPU
		{82D97956-C561-435D-91F8-329CD673A768}.Debug|Any CPU.Build.0 = Debug|Any CPU
		{82D97956-C561-435D-91F8-329CD673A768}.Release|Any CPU.ActiveCfg = Release|Any CPU
		{82D97956-C561-435D-91F8-329CD673A768}.Release|Any CPU.Build.0 = Release|Any CPU
		{A94978A6-CC9C-4FA8-90DD-ED572CF7EF1C}.Debug|Any CPU.ActiveCfg = Debug|Any CPU
		{A94978A6-CC9C-4FA8-90DD-ED572CF7EF1C}.Debug|Any CPU.Build.0 = Debug|Any CPU
		{A94978A6-CC9C-4FA8-90DD-ED572CF7EF1C}.Release|Any CPU.ActiveCfg = Release|Any CPU
		{A94978A6-CC9C-4FA8-90DD-ED572CF7EF1C}.Release|Any CPU.Build.0 = Release|Any CPU
		{64662F46-CB53-498D-BFFA-FDE14F8885BA}.Debug|Any CPU.ActiveCfg = Debug|Any CPU
		{64662F46-CB53-498D-BFFA-FDE14F8885BA}.Debug|Any CPU.Build.0 = Debug|Any CPU
		{64662F46-CB53-498D-BFFA-FDE14F8885BA}.Release|Any CPU.ActiveCfg = Release|Any CPU
		{64662F46-CB53-498D-BFFA-FDE14F8885BA}.Release|Any CPU.Build.0 = Release|Any CPU
		{F49B5BB2-0B9C-4583-8374-BD0A14D7A394}.Debug|Any CPU.ActiveCfg = Debug|Any CPU
		{F49B5BB2-0B9C-4583-8374-BD0A14D7A394}.Debug|Any CPU.Build.0 = Debug|Any CPU
		{F49B5BB2-0B9C-4583-8374-BD0A14D7A394}.Release|Any CPU.ActiveCfg = Release|Any CPU
		{F49B5BB2-0B9C-4583-8374-BD0A14D7A394}.Release|Any CPU.Build.0 = Release|Any CPU
		{3FFD970A-88B0-4FE5-B59F-48CE2550A29B}.Debug|Any CPU.ActiveCfg = Debug|Any CPU
		{3FFD970A-88B0-4FE5-B59F-48CE2550A29B}.Debug|Any CPU.Build.0 = Debug|Any CPU
		{3FFD970A-88B0-4FE5-B59F-48CE2550A29B}.Release|Any CPU.ActiveCfg = Release|Any CPU
		{3FFD970A-88B0-4FE5-B59F-48CE2550A29B}.Release|Any CPU.Build.0 = Release|Any CPU
		{878E60B3-E069-4CAA-9BFF-3C33B8E6FC08}.Debug|Any CPU.ActiveCfg = Debug|Any CPU
		{878E60B3-E069-4CAA-9BFF-3C33B8E6FC08}.Debug|Any CPU.Build.0 = Debug|Any CPU
		{878E60B3-E069-4CAA-9BFF-3C33B8E6FC08}.Release|Any CPU.ActiveCfg = Release|Any CPU
		{878E60B3-E069-4CAA-9BFF-3C33B8E6FC08}.Release|Any CPU.Build.0 = Release|Any CPU
		{9784F40F-30F6-49D1-A495-35FBAD1FFF63}.Debug|Any CPU.ActiveCfg = Debug|Any CPU
		{9784F40F-30F6-49D1-A495-35FBAD1FFF63}.Debug|Any CPU.Build.0 = Debug|Any CPU
		{9784F40F-30F6-49D1-A495-35FBAD1FFF63}.Release|Any CPU.ActiveCfg = Release|Any CPU
		{9784F40F-30F6-49D1-A495-35FBAD1FFF63}.Release|Any CPU.Build.0 = Release|Any CPU
	EndGlobalSection
	GlobalSection(SolutionProperties) = preSolution
		HideSolutionNode = FALSE
	EndGlobalSection
	GlobalSection(ExtensibilityGlobals) = postSolution
		SolutionGuid = {14DB7550-9889-4387-9C56-DF53CB595BD0}
	EndGlobalSection
EndGlobal
