
Microsoft Visual Studio Solution File, Format Version 12.00
# Visual Studio 15
VisualStudioVersion = 15.0.28307.136
MinimumVisualStudioVersion = 10.0.40219.1
Project("{FAE04EC0-301F-11D3-BF4B-00C04F79EFBC}") = "01. Stadium Income", "01. Stadium Income\01. Stadium Income.csproj", "{F7B80A00-F5D4-4D9F-8642-4A2E6001AEE4}"
EndProject
Project("{FAE04EC0-301F-11D3-BF4B-00C04F79EFBC}") = "01. Trip To World Cup", "01. Trip To World Cup\01. Trip To World Cup.csproj", "{66FA3EA3-4489-49D2-AF93-6D51178E61DE}"
EndProject
Project("{FAE04EC0-301F-11D3-BF4B-00C04F79EFBC}") = "02. Beer And Chips", "02. Beer And Chips\02. Beer And Chips.csproj", "{99A98A79-CB61-4E0F-ABDD-47A3193BF439}"
EndProject
Project("{FAE04EC0-301F-11D3-BF4B-00C04F79EFBC}") = "02. Football Kit", "02. Football Kit\02. Football Kit.csproj", "{04D782CE-4D24-4B52-808B-459A0BBEC904}"
EndProject
Project("{FAE04EC0-301F-11D3-BF4B-00C04F79EFBC}") = "03. Game Statistics", "03. Game Statistics\03. Game Statistics.csproj", "{CBBE8296-3177-4817-A3DB-8CAE564BEEB7}"
EndProject
Project("{FAE04EC0-301F-11D3-BF4B-00C04F79EFBC}") = "03. Football Souvenirs", "03. Football Souvenirs\03. Football Souvenirs.csproj", "{91B9C13F-E7D3-45A2-BB0C-89CBC116F334}"
EndProject
Project("{FAE04EC0-301F-11D3-BF4B-00C04F79EFBC}") = "04. Best Player", "04. Best Player\04. Best Player.csproj", "{54FD7C50-EAEC-4614-9DC5-82D16018B4EA}"
EndProject
Project("{FAE04EC0-301F-11D3-BF4B-00C04F79EFBC}") = "04. Group Stage", "04. Group Stage\04. Group Stage.csproj", "{6D1839D7-A965-4734-9372-8D195EA01A0D}"
EndProject
Project("{FAE04EC0-301F-11D3-BF4B-00C04F79EFBC}") = "05. Fan Shop", "05. Fan Shop\05. Fan Shop.csproj", "{93B44182-A11D-47D8-A956-F341A839EBD6}"
EndProject
Project("{FAE04EC0-301F-11D3-BF4B-00C04F79EFBC}") = "05. Game Info", "05. Game Info\05. Game Info.csproj", "{FC5C0394-E816-47A2-BB6F-5AD25A31E5C8}"
EndProject
Project("{FAE04EC0-301F-11D3-BF4B-00C04F79EFBC}") = "06. Substitute", "06. Substitute\06. Substitute.csproj", "{3E86E6A8-AB28-4661-BF1D-E9ED6B2DBC7B}"
EndProject
Project("{FAE04EC0-301F-11D3-BF4B-00C04F79EFBC}") = "06. Ticket Combination", "06. Ticket Combination\06. Ticket Combination.csproj", "{45361FFC-5D57-42FF-A938-AA0051A6BCD8}"
EndProject
Global
	GlobalSection(SolutionConfigurationPlatforms) = preSolution
		Debug|Any CPU = Debug|Any CPU
		Release|Any CPU = Release|Any CPU
	EndGlobalSection
	GlobalSection(ProjectConfigurationPlatforms) = postSolution
		{F7B80A00-F5D4-4D9F-8642-4A2E6001AEE4}.Debug|Any CPU.ActiveCfg = Debug|Any CPU
		{F7B80A00-F5D4-4D9F-8642-4A2E6001AEE4}.Debug|Any CPU.Build.0 = Debug|Any CPU
		{F7B80A00-F5D4-4D9F-8642-4A2E6001AEE4}.Release|Any CPU.ActiveCfg = Release|Any CPU
		{F7B80A00-F5D4-4D9F-8642-4A2E6001AEE4}.Release|Any CPU.Build.0 = Release|Any CPU
		{66FA3EA3-4489-49D2-AF93-6D51178E61DE}.Debug|Any CPU.ActiveCfg = Debug|Any CPU
		{66FA3EA3-4489-49D2-AF93-6D51178E61DE}.Debug|Any CPU.Build.0 = Debug|Any CPU
		{66FA3EA3-4489-49D2-AF93-6D51178E61DE}.Release|Any CPU.ActiveCfg = Release|Any CPU
		{66FA3EA3-4489-49D2-AF93-6D51178E61DE}.Release|Any CPU.Build.0 = Release|Any CPU
		{99A98A79-CB61-4E0F-ABDD-47A3193BF439}.Debug|Any CPU.ActiveCfg = Debug|Any CPU
		{99A98A79-CB61-4E0F-ABDD-47A3193BF439}.Debug|Any CPU.Build.0 = Debug|Any CPU
		{99A98A79-CB61-4E0F-ABDD-47A3193BF439}.Release|Any CPU.ActiveCfg = Release|Any CPU
		{99A98A79-CB61-4E0F-ABDD-47A3193BF439}.Release|Any CPU.Build.0 = Release|Any CPU
		{04D782CE-4D24-4B52-808B-459A0BBEC904}.Debug|Any CPU.ActiveCfg = Debug|Any CPU
		{04D782CE-4D24-4B52-808B-459A0BBEC904}.Debug|Any CPU.Build.0 = Debug|Any CPU
		{04D782CE-4D24-4B52-808B-459A0BBEC904}.Release|Any CPU.ActiveCfg = Release|Any CPU
		{04D782CE-4D24-4B52-808B-459A0BBEC904}.Release|Any CPU.Build.0 = Release|Any CPU
		{CBBE8296-3177-4817-A3DB-8CAE564BEEB7}.Debug|Any CPU.ActiveCfg = Debug|Any CPU
		{CBBE8296-3177-4817-A3DB-8CAE564BEEB7}.Debug|Any CPU.Build.0 = Debug|Any CPU
		{CBBE8296-3177-4817-A3DB-8CAE564BEEB7}.Release|Any CPU.ActiveCfg = Release|Any CPU
		{CBBE8296-3177-4817-A3DB-8CAE564BEEB7}.Release|Any CPU.Build.0 = Release|Any CPU
		{91B9C13F-E7D3-45A2-BB0C-89CBC116F334}.Debug|Any CPU.ActiveCfg = Debug|Any CPU
		{91B9C13F-E7D3-45A2-BB0C-89CBC116F334}.Debug|Any CPU.Build.0 = Debug|Any CPU
		{91B9C13F-E7D3-45A2-BB0C-89CBC116F334}.Release|Any CPU.ActiveCfg = Release|Any CPU
		{91B9C13F-E7D3-45A2-BB0C-89CBC116F334}.Release|Any CPU.Build.0 = Release|Any CPU
		{54FD7C50-EAEC-4614-9DC5-82D16018B4EA}.Debug|Any CPU.ActiveCfg = Debug|Any CPU
		{54FD7C50-EAEC-4614-9DC5-82D16018B4EA}.Debug|Any CPU.Build.0 = Debug|Any CPU
		{54FD7C50-EAEC-4614-9DC5-82D16018B4EA}.Release|Any CPU.ActiveCfg = Release|Any CPU
		{54FD7C50-EAEC-4614-9DC5-82D16018B4EA}.Release|Any CPU.Build.0 = Release|Any CPU
		{6D1839D7-A965-4734-9372-8D195EA01A0D}.Debug|Any CPU.ActiveCfg = Debug|Any CPU
		{6D1839D7-A965-4734-9372-8D195EA01A0D}.Debug|Any CPU.Build.0 = Debug|Any CPU
		{6D1839D7-A965-4734-9372-8D195EA01A0D}.Release|Any CPU.ActiveCfg = Release|Any CPU
		{6D1839D7-A965-4734-9372-8D195EA01A0D}.Release|Any CPU.Build.0 = Release|Any CPU
		{93B44182-A11D-47D8-A956-F341A839EBD6}.Debug|Any CPU.ActiveCfg = Debug|Any CPU
		{93B44182-A11D-47D8-A956-F341A839EBD6}.Debug|Any CPU.Build.0 = Debug|Any CPU
		{93B44182-A11D-47D8-A956-F341A839EBD6}.Release|Any CPU.ActiveCfg = Release|Any CPU
		{93B44182-A11D-47D8-A956-F341A839EBD6}.Release|Any CPU.Build.0 = Release|Any CPU
		{FC5C0394-E816-47A2-BB6F-5AD25A31E5C8}.Debug|Any CPU.ActiveCfg = Debug|Any CPU
		{FC5C0394-E816-47A2-BB6F-5AD25A31E5C8}.Debug|Any CPU.Build.0 = Debug|Any CPU
		{FC5C0394-E816-47A2-BB6F-5AD25A31E5C8}.Release|Any CPU.ActiveCfg = Release|Any CPU
		{FC5C0394-E816-47A2-BB6F-5AD25A31E5C8}.Release|Any CPU.Build.0 = Release|Any CPU
		{3E86E6A8-AB28-4661-BF1D-E9ED6B2DBC7B}.Debug|Any CPU.ActiveCfg = Debug|Any CPU
		{3E86E6A8-AB28-4661-BF1D-E9ED6B2DBC7B}.Debug|Any CPU.Build.0 = Debug|Any CPU
		{3E86E6A8-AB28-4661-BF1D-E9ED6B2DBC7B}.Release|Any CPU.ActiveCfg = Release|Any CPU
		{3E86E6A8-AB28-4661-BF1D-E9ED6B2DBC7B}.Release|Any CPU.Build.0 = Release|Any CPU
		{45361FFC-5D57-42FF-A938-AA0051A6BCD8}.Debug|Any CPU.ActiveCfg = Debug|Any CPU
		{45361FFC-5D57-42FF-A938-AA0051A6BCD8}.Debug|Any CPU.Build.0 = Debug|Any CPU
		{45361FFC-5D57-42FF-A938-AA0051A6BCD8}.Release|Any CPU.ActiveCfg = Release|Any CPU
		{45361FFC-5D57-42FF-A938-AA0051A6BCD8}.Release|Any CPU.Build.0 = Release|Any CPU
	EndGlobalSection
	GlobalSection(SolutionProperties) = preSolution
		HideSolutionNode = FALSE
	EndGlobalSection
	GlobalSection(ExtensibilityGlobals) = postSolution
		SolutionGuid = {7F75B20E-6228-4A4F-81E7-945FBF2EBB5B}
	EndGlobalSection
EndGlobal
