
Microsoft Visual Studio Solution File, Format Version 12.00
# Visual Studio Version 16
VisualStudioVersion = 16.0.29009.5
MinimumVisualStudioVersion = 10.0.40219.1
Project("{FAE04EC0-301F-11D3-BF4B-00C04F79EFBC}") = "01. Socks", "01. Socks\01. Socks.csproj", "{7364C311-CF4D-4785-A7EA-7EC1C3E71A51}"
EndProject
Project("{FAE04EC0-301F-11D3-BF4B-00C04F79EFBC}") = "02. Excel Functions", "02. Excel Functions\02. Excel Functions.csproj", "{FC19171D-1E36-4D3A-8548-191F3EEBABB4}"
EndProject
Project("{9A19103F-16F7-4668-BE54-9A1E7A4F7556}") = "Repository", "Repository\Repository.csproj", "{C3154203-57CF-4FCB-B11E-6C312A040CB3}"
EndProject
Global
	GlobalSection(SolutionConfigurationPlatforms) = preSolution
		Debug|Any CPU = Debug|Any CPU
		Release|Any CPU = Release|Any CPU
	EndGlobalSection
	GlobalSection(ProjectConfigurationPlatforms) = postSolution
		{7364C311-CF4D-4785-A7EA-7EC1C3E71A51}.Debug|Any CPU.ActiveCfg = Debug|Any CPU
		{7364C311-CF4D-4785-A7EA-7EC1C3E71A51}.Debug|Any CPU.Build.0 = Debug|Any CPU
		{7364C311-CF4D-4785-A7EA-7EC1C3E71A51}.Release|Any CPU.ActiveCfg = Release|Any CPU
		{7364C311-CF4D-4785-A7EA-7EC1C3E71A51}.Release|Any CPU.Build.0 = Release|Any CPU
		{FC19171D-1E36-4D3A-8548-191F3EEBABB4}.Debug|Any CPU.ActiveCfg = Debug|Any CPU
		{FC19171D-1E36-4D3A-8548-191F3EEBABB4}.Debug|Any CPU.Build.0 = Debug|Any CPU
		{FC19171D-1E36-4D3A-8548-191F3EEBABB4}.Release|Any CPU.ActiveCfg = Release|Any CPU
		{FC19171D-1E36-4D3A-8548-191F3EEBABB4}.Release|Any CPU.Build.0 = Release|Any CPU
		{C3154203-57CF-4FCB-B11E-6C312A040CB3}.Debug|Any CPU.ActiveCfg = Debug|Any CPU
		{C3154203-57CF-4FCB-B11E-6C312A040CB3}.Debug|Any CPU.Build.0 = Debug|Any CPU
		{C3154203-57CF-4FCB-B11E-6C312A040CB3}.Release|Any CPU.ActiveCfg = Release|Any CPU
		{C3154203-57CF-4FCB-B11E-6C312A040CB3}.Release|Any CPU.Build.0 = Release|Any CPU
	EndGlobalSection
	GlobalSection(SolutionProperties) = preSolution
		HideSolutionNode = FALSE
	EndGlobalSection
	GlobalSection(ExtensibilityGlobals) = postSolution
		SolutionGuid = {C444B7C1-E884-450C-B539-3B42E312FF2E}
	EndGlobalSection
EndGlobal
