
Microsoft Visual Studio Solution File, Format Version 12.00
# Visual Studio Version 16
VisualStudioVersion = 16.0.29020.237
MinimumVisualStudioVersion = 10.0.40219.1
Project("{9A19103F-16F7-4668-BE54-9A1E7A4F7556}") = "P01_RawData", "P01_RawData\P01_RawData.csproj", "{AB70A557-C328-4C6D-8F43-6E0BB7A8FB01}"
EndProject
Project("{9A19103F-16F7-4668-BE54-9A1E7A4F7556}") = "P02_CarsSalesman", "P02_CarsSalesman\P02_CarsSalesman.csproj", "{162FA4AE-38AC-49CB-888F-7A5DB9689723}"
EndProject
Project("{9A19103F-16F7-4668-BE54-9A1E7A4F7556}") = "P03_JediGalaxy", "P03_JediGalaxy\P03_JediGalaxy.csproj", "{350022DD-6E07-4A37-8C99-6C1C2E2AD3C3}"
EndProject
Project("{9A19103F-16F7-4668-BE54-9A1E7A4F7556}") = "P04_Hospital", "P04_Hospital\P04_Hospital.csproj", "{8B7C0B40-91D0-4035-8CB7-120313BF2549}"
EndProject
Project("{9A19103F-16F7-4668-BE54-9A1E7A4F7556}") = "P05_GreedyTimes", "P05_GreedyTimes\P05_GreedyTimes.csproj", "{7E4C90F5-E54B-4477-9600-41BAE36F7FAB}"
EndProject
Project("{9A19103F-16F7-4668-BE54-9A1E7A4F7556}") = "P06_Sneaking", "P06_Sneaking\P06_Sneaking.csproj", "{B116F86D-F472-46A1-B030-334BA800BC07}"
EndProject
Global
	GlobalSection(SolutionConfigurationPlatforms) = preSolution
		Debug|Any CPU = Debug|Any CPU
		Release|Any CPU = Release|Any CPU
	EndGlobalSection
	GlobalSection(ProjectConfigurationPlatforms) = postSolution
		{AB70A557-C328-4C6D-8F43-6E0BB7A8FB01}.Debug|Any CPU.ActiveCfg = Debug|Any CPU
		{AB70A557-C328-4C6D-8F43-6E0BB7A8FB01}.Debug|Any CPU.Build.0 = Debug|Any CPU
		{AB70A557-C328-4C6D-8F43-6E0BB7A8FB01}.Release|Any CPU.ActiveCfg = Release|Any CPU
		{AB70A557-C328-4C6D-8F43-6E0BB7A8FB01}.Release|Any CPU.Build.0 = Release|Any CPU
		{162FA4AE-38AC-49CB-888F-7A5DB9689723}.Debug|Any CPU.ActiveCfg = Debug|Any CPU
		{162FA4AE-38AC-49CB-888F-7A5DB9689723}.Debug|Any CPU.Build.0 = Debug|Any CPU
		{162FA4AE-38AC-49CB-888F-7A5DB9689723}.Release|Any CPU.ActiveCfg = Release|Any CPU
		{162FA4AE-38AC-49CB-888F-7A5DB9689723}.Release|Any CPU.Build.0 = Release|Any CPU
		{350022DD-6E07-4A37-8C99-6C1C2E2AD3C3}.Debug|Any CPU.ActiveCfg = Debug|Any CPU
		{350022DD-6E07-4A37-8C99-6C1C2E2AD3C3}.Debug|Any CPU.Build.0 = Debug|Any CPU
		{350022DD-6E07-4A37-8C99-6C1C2E2AD3C3}.Release|Any CPU.ActiveCfg = Release|Any CPU
		{350022DD-6E07-4A37-8C99-6C1C2E2AD3C3}.Release|Any CPU.Build.0 = Release|Any CPU
		{8B7C0B40-91D0-4035-8CB7-120313BF2549}.Debug|Any CPU.ActiveCfg = Debug|Any CPU
		{8B7C0B40-91D0-4035-8CB7-120313BF2549}.Debug|Any CPU.Build.0 = Debug|Any CPU
		{8B7C0B40-91D0-4035-8CB7-120313BF2549}.Release|Any CPU.ActiveCfg = Release|Any CPU
		{8B7C0B40-91D0-4035-8CB7-120313BF2549}.Release|Any CPU.Build.0 = Release|Any CPU
		{7E4C90F5-E54B-4477-9600-41BAE36F7FAB}.Debug|Any CPU.ActiveCfg = Debug|Any CPU
		{7E4C90F5-E54B-4477-9600-41BAE36F7FAB}.Debug|Any CPU.Build.0 = Debug|Any CPU
		{7E4C90F5-E54B-4477-9600-41BAE36F7FAB}.Release|Any CPU.ActiveCfg = Release|Any CPU
		{7E4C90F5-E54B-4477-9600-41BAE36F7FAB}.Release|Any CPU.Build.0 = Release|Any CPU
		{B116F86D-F472-46A1-B030-334BA800BC07}.Debug|Any CPU.ActiveCfg = Debug|Any CPU
		{B116F86D-F472-46A1-B030-334BA800BC07}.Debug|Any CPU.Build.0 = Debug|Any CPU
		{B116F86D-F472-46A1-B030-334BA800BC07}.Release|Any CPU.ActiveCfg = Release|Any CPU
		{B116F86D-F472-46A1-B030-334BA800BC07}.Release|Any CPU.Build.0 = Release|Any CPU
	EndGlobalSection
	GlobalSection(SolutionProperties) = preSolution
		HideSolutionNode = FALSE
	EndGlobalSection
	GlobalSection(ExtensibilityGlobals) = postSolution
		SolutionGuid = {ED765E4C-B940-4BB7-94D8-DB5C938E4240}
	EndGlobalSection
EndGlobal
