
Microsoft Visual Studio Solution File, Format Version 12.00
# Visual Studio Version 16
VisualStudioVersion = 16.0.28803.352
MinimumVisualStudioVersion = 10.0.40219.1
Project("{FAE04EC0-301F-11D3-BF4B-00C04F79EFBC}") = "01._Single_Inheritance", "01._Single_Inheritance\01._Single_Inheritance.csproj", "{ED2B40D3-1530-41A2-9A22-DCDF654F2012}"
EndProject
Project("{FAE04EC0-301F-11D3-BF4B-00C04F79EFBC}") = "02._Multiple_Inheritance", "02._Multiple_Inheritance\02._Multiple_Inheritance.csproj", "{0961283C-18C7-49C9-97F2-C4B25F351841}"
EndProject
Project("{FAE04EC0-301F-11D3-BF4B-00C04F79EFBC}") = "03._Hierarchical_Inheritance", "03._Hierarchical_Inheritance\03._Hierarchical_Inheritance.csproj", "{55197189-8D44-4D33-89B8-4481B0A94324}"
EndProject
Project("{FAE04EC0-301F-11D3-BF4B-00C04F79EFBC}") = "04._Random_List", "04._Random_List\04._Random_List.csproj", "{37B45803-5C81-4F5B-9D25-EB6A8FECBF60}"
EndProject
Project("{FAE04EC0-301F-11D3-BF4B-00C04F79EFBC}") = "05._Stack_of_Strings", "05._Stack_of_Strings\05._Stack_of_Strings.csproj", "{659CA0D1-A09F-42F5-B46C-9E3A4D28415C}"
EndProject
Global
	GlobalSection(SolutionConfigurationPlatforms) = preSolution
		Debug|Any CPU = Debug|Any CPU
		Release|Any CPU = Release|Any CPU
	EndGlobalSection
	GlobalSection(ProjectConfigurationPlatforms) = postSolution
		{ED2B40D3-1530-41A2-9A22-DCDF654F2012}.Debug|Any CPU.ActiveCfg = Debug|Any CPU
		{ED2B40D3-1530-41A2-9A22-DCDF654F2012}.Debug|Any CPU.Build.0 = Debug|Any CPU
		{ED2B40D3-1530-41A2-9A22-DCDF654F2012}.Release|Any CPU.ActiveCfg = Release|Any CPU
		{ED2B40D3-1530-41A2-9A22-DCDF654F2012}.Release|Any CPU.Build.0 = Release|Any CPU
		{0961283C-18C7-49C9-97F2-C4B25F351841}.Debug|Any CPU.ActiveCfg = Debug|Any CPU
		{0961283C-18C7-49C9-97F2-C4B25F351841}.Debug|Any CPU.Build.0 = Debug|Any CPU
		{0961283C-18C7-49C9-97F2-C4B25F351841}.Release|Any CPU.ActiveCfg = Release|Any CPU
		{0961283C-18C7-49C9-97F2-C4B25F351841}.Release|Any CPU.Build.0 = Release|Any CPU
		{55197189-8D44-4D33-89B8-4481B0A94324}.Debug|Any CPU.ActiveCfg = Debug|Any CPU
		{55197189-8D44-4D33-89B8-4481B0A94324}.Debug|Any CPU.Build.0 = Debug|Any CPU
		{55197189-8D44-4D33-89B8-4481B0A94324}.Release|Any CPU.ActiveCfg = Release|Any CPU
		{55197189-8D44-4D33-89B8-4481B0A94324}.Release|Any CPU.Build.0 = Release|Any CPU
		{37B45803-5C81-4F5B-9D25-EB6A8FECBF60}.Debug|Any CPU.ActiveCfg = Debug|Any CPU
		{37B45803-5C81-4F5B-9D25-EB6A8FECBF60}.Debug|Any CPU.Build.0 = Debug|Any CPU
		{37B45803-5C81-4F5B-9D25-EB6A8FECBF60}.Release|Any CPU.ActiveCfg = Release|Any CPU
		{37B45803-5C81-4F5B-9D25-EB6A8FECBF60}.Release|Any CPU.Build.0 = Release|Any CPU
		{659CA0D1-A09F-42F5-B46C-9E3A4D28415C}.Debug|Any CPU.ActiveCfg = Debug|Any CPU
		{659CA0D1-A09F-42F5-B46C-9E3A4D28415C}.Debug|Any CPU.Build.0 = Debug|Any CPU
		{659CA0D1-A09F-42F5-B46C-9E3A4D28415C}.Release|Any CPU.ActiveCfg = Release|Any CPU
		{659CA0D1-A09F-42F5-B46C-9E3A4D28415C}.Release|Any CPU.Build.0 = Release|Any CPU
	EndGlobalSection
	GlobalSection(SolutionProperties) = preSolution
		HideSolutionNode = FALSE
	EndGlobalSection
	GlobalSection(ExtensibilityGlobals) = postSolution
		SolutionGuid = {ECFA4CD8-895E-48A1-801F-0545BF0988AA}
	EndGlobalSection
EndGlobal
