
Microsoft Visual Studio Solution File, Format Version 12.00
# Visual Studio Version 16
VisualStudioVersion = 16.0.30320.27
MinimumVisualStudioVersion = 10.0.40219.1
Project("{9A19103F-16F7-4668-BE54-9A1E7A4F7556}") = "01.BinomialCoefficients", "01.BinomialCoefficients\01.BinomialCoefficients.csproj", "{1EA38003-A011-412A-8A7E-23D452D9D416}"
EndProject
Project("{9A19103F-16F7-4668-BE54-9A1E7A4F7556}") = "02.LongestZigzagSubsequence", "02.LongestZigzagSubsequence\02.LongestZigzagSubsequence.csproj", "{BE827295-34B0-49AE-A54E-341D14371EBA}"
EndProject
Project("{9A19103F-16F7-4668-BE54-9A1E7A4F7556}") = "03.DividingPresents", "03.DividingPresents\03.DividingPresents.csproj", "{C326190F-563C-45DF-A868-0A8A1EA77EEB}"
EndProject
Project("{9A19103F-16F7-4668-BE54-9A1E7A4F7556}") = "04.RepresentingSumWithUnlimitedAmountOfCoins", "04.RepresentingSumWithUnlimitedAmountOfCoins\04.RepresentingSumWithUnlimitedAmountOfCoins.csproj", "{6375790B-BFF2-46B4-9BB9-8B7C8BC49E6A}"
EndProject
Project("{FAE04EC0-301F-11D3-BF4B-00C04F79EFBC}") = "05.RepresentingSumWithLimitedAmountOfCoins", "05.RepresentingSumWithLimitedAmountOfCoins\05.RepresentingSumWithLimitedAmountOfCoins.csproj", "{D69615CF-52EA-4986-B3CC-CB2C8C189D4F}"
EndProject
Project("{FAE04EC0-301F-11D3-BF4B-00C04F79EFBC}") = "06.MinimumEditDistance", "06.MinimumEditDistance\06.MinimumEditDistance.csproj", "{9DDD852C-45E8-41C6-8783-99A0753740BD}"
EndProject
Global
	GlobalSection(SolutionConfigurationPlatforms) = preSolution
		Debug|Any CPU = Debug|Any CPU
		Release|Any CPU = Release|Any CPU
	EndGlobalSection
	GlobalSection(ProjectConfigurationPlatforms) = postSolution
		{1EA38003-A011-412A-8A7E-23D452D9D416}.Debug|Any CPU.ActiveCfg = Debug|Any CPU
		{1EA38003-A011-412A-8A7E-23D452D9D416}.Debug|Any CPU.Build.0 = Debug|Any CPU
		{1EA38003-A011-412A-8A7E-23D452D9D416}.Release|Any CPU.ActiveCfg = Release|Any CPU
		{1EA38003-A011-412A-8A7E-23D452D9D416}.Release|Any CPU.Build.0 = Release|Any CPU
		{BE827295-34B0-49AE-A54E-341D14371EBA}.Debug|Any CPU.ActiveCfg = Debug|Any CPU
		{BE827295-34B0-49AE-A54E-341D14371EBA}.Debug|Any CPU.Build.0 = Debug|Any CPU
		{BE827295-34B0-49AE-A54E-341D14371EBA}.Release|Any CPU.ActiveCfg = Release|Any CPU
		{BE827295-34B0-49AE-A54E-341D14371EBA}.Release|Any CPU.Build.0 = Release|Any CPU
		{C326190F-563C-45DF-A868-0A8A1EA77EEB}.Debug|Any CPU.ActiveCfg = Debug|Any CPU
		{C326190F-563C-45DF-A868-0A8A1EA77EEB}.Debug|Any CPU.Build.0 = Debug|Any CPU
		{C326190F-563C-45DF-A868-0A8A1EA77EEB}.Release|Any CPU.ActiveCfg = Release|Any CPU
		{C326190F-563C-45DF-A868-0A8A1EA77EEB}.Release|Any CPU.Build.0 = Release|Any CPU
		{6375790B-BFF2-46B4-9BB9-8B7C8BC49E6A}.Debug|Any CPU.ActiveCfg = Debug|Any CPU
		{6375790B-BFF2-46B4-9BB9-8B7C8BC49E6A}.Debug|Any CPU.Build.0 = Debug|Any CPU
		{6375790B-BFF2-46B4-9BB9-8B7C8BC49E6A}.Release|Any CPU.ActiveCfg = Release|Any CPU
		{6375790B-BFF2-46B4-9BB9-8B7C8BC49E6A}.Release|Any CPU.Build.0 = Release|Any CPU
		{D69615CF-52EA-4986-B3CC-CB2C8C189D4F}.Debug|Any CPU.ActiveCfg = Debug|Any CPU
		{D69615CF-52EA-4986-B3CC-CB2C8C189D4F}.Debug|Any CPU.Build.0 = Debug|Any CPU
		{D69615CF-52EA-4986-B3CC-CB2C8C189D4F}.Release|Any CPU.ActiveCfg = Release|Any CPU
		{D69615CF-52EA-4986-B3CC-CB2C8C189D4F}.Release|Any CPU.Build.0 = Release|Any CPU
		{9DDD852C-45E8-41C6-8783-99A0753740BD}.Debug|Any CPU.ActiveCfg = Debug|Any CPU
		{9DDD852C-45E8-41C6-8783-99A0753740BD}.Debug|Any CPU.Build.0 = Debug|Any CPU
		{9DDD852C-45E8-41C6-8783-99A0753740BD}.Release|Any CPU.ActiveCfg = Release|Any CPU
		{9DDD852C-45E8-41C6-8783-99A0753740BD}.Release|Any CPU.Build.0 = Release|Any CPU
	EndGlobalSection
	GlobalSection(SolutionProperties) = preSolution
		HideSolutionNode = FALSE
	EndGlobalSection
	GlobalSection(ExtensibilityGlobals) = postSolution
		SolutionGuid = {972EDBA5-6585-4451-AED9-BDA576DD3DF3}
	EndGlobalSection
EndGlobal
