
Microsoft Visual Studio Solution File, Format Version 12.00
# Visual Studio Version 16
VisualStudioVersion = 16.0.29025.244
MinimumVisualStudioVersion = 10.0.40219.1
Project("{9A19103F-16F7-4668-BE54-9A1E7A4F7556}") = "01.Stealer", "01.Stealer\01.Stealer.csproj", "{244E76FD-B599-42F6-947A-4D4B087FE579}"
EndProject
Project("{9A19103F-16F7-4668-BE54-9A1E7A4F7556}") = "02.HighQualityMistakes", "02.HighQualityMistakes\02.HighQualityMistakes.csproj", "{A0B563F1-6B19-4F0C-9851-1D1E7E209BD5}"
EndProject
Project("{9A19103F-16F7-4668-BE54-9A1E7A4F7556}") = "03 MissionPrivateImpossible", "03 MissionPrivateImpossible\03 MissionPrivateImpossible.csproj", "{D74E348C-7FEA-4D79-A508-71A0F37046BD}"
EndProject
Project("{9A19103F-16F7-4668-BE54-9A1E7A4F7556}") = "04.Collector", "04.Collector\04.Collector.csproj", "{B593ED75-2A86-45E2-96FE-D1B180E648ED}"
EndProject
Project("{9A19103F-16F7-4668-BE54-9A1E7A4F7556}") = "05.CreateAttribute", "05.CreateAttribute\05.CreateAttribute.csproj", "{6C9D801B-0759-49C9-A069-AF679DD49206}"
EndProject
Project("{FAE04EC0-301F-11D3-BF4B-00C04F79EFBC}") = "06.CodeTracker", "06.CodeTracker\06.CodeTracker.csproj", "{88E138E7-F96D-4685-B340-ADCCDD65EDA5}"
EndProject
Global
	GlobalSection(SolutionConfigurationPlatforms) = preSolution
		Debug|Any CPU = Debug|Any CPU
		Release|Any CPU = Release|Any CPU
	EndGlobalSection
	GlobalSection(ProjectConfigurationPlatforms) = postSolution
		{244E76FD-B599-42F6-947A-4D4B087FE579}.Debug|Any CPU.ActiveCfg = Debug|Any CPU
		{244E76FD-B599-42F6-947A-4D4B087FE579}.Debug|Any CPU.Build.0 = Debug|Any CPU
		{244E76FD-B599-42F6-947A-4D4B087FE579}.Release|Any CPU.ActiveCfg = Release|Any CPU
		{244E76FD-B599-42F6-947A-4D4B087FE579}.Release|Any CPU.Build.0 = Release|Any CPU
		{A0B563F1-6B19-4F0C-9851-1D1E7E209BD5}.Debug|Any CPU.ActiveCfg = Debug|Any CPU
		{A0B563F1-6B19-4F0C-9851-1D1E7E209BD5}.Debug|Any CPU.Build.0 = Debug|Any CPU
		{A0B563F1-6B19-4F0C-9851-1D1E7E209BD5}.Release|Any CPU.ActiveCfg = Release|Any CPU
		{A0B563F1-6B19-4F0C-9851-1D1E7E209BD5}.Release|Any CPU.Build.0 = Release|Any CPU
		{D74E348C-7FEA-4D79-A508-71A0F37046BD}.Debug|Any CPU.ActiveCfg = Debug|Any CPU
		{D74E348C-7FEA-4D79-A508-71A0F37046BD}.Debug|Any CPU.Build.0 = Debug|Any CPU
		{D74E348C-7FEA-4D79-A508-71A0F37046BD}.Release|Any CPU.ActiveCfg = Release|Any CPU
		{D74E348C-7FEA-4D79-A508-71A0F37046BD}.Release|Any CPU.Build.0 = Release|Any CPU
		{B593ED75-2A86-45E2-96FE-D1B180E648ED}.Debug|Any CPU.ActiveCfg = Debug|Any CPU
		{B593ED75-2A86-45E2-96FE-D1B180E648ED}.Debug|Any CPU.Build.0 = Debug|Any CPU
		{B593ED75-2A86-45E2-96FE-D1B180E648ED}.Release|Any CPU.ActiveCfg = Release|Any CPU
		{B593ED75-2A86-45E2-96FE-D1B180E648ED}.Release|Any CPU.Build.0 = Release|Any CPU
		{6C9D801B-0759-49C9-A069-AF679DD49206}.Debug|Any CPU.ActiveCfg = Debug|Any CPU
		{6C9D801B-0759-49C9-A069-AF679DD49206}.Debug|Any CPU.Build.0 = Debug|Any CPU
		{6C9D801B-0759-49C9-A069-AF679DD49206}.Release|Any CPU.ActiveCfg = Release|Any CPU
		{6C9D801B-0759-49C9-A069-AF679DD49206}.Release|Any CPU.Build.0 = Release|Any CPU
		{88E138E7-F96D-4685-B340-ADCCDD65EDA5}.Debug|Any CPU.ActiveCfg = Debug|Any CPU
		{88E138E7-F96D-4685-B340-ADCCDD65EDA5}.Debug|Any CPU.Build.0 = Debug|Any CPU
		{88E138E7-F96D-4685-B340-ADCCDD65EDA5}.Release|Any CPU.ActiveCfg = Release|Any CPU
		{88E138E7-F96D-4685-B340-ADCCDD65EDA5}.Release|Any CPU.Build.0 = Release|Any CPU
	EndGlobalSection
	GlobalSection(SolutionProperties) = preSolution
		HideSolutionNode = FALSE
	EndGlobalSection
	GlobalSection(ExtensibilityGlobals) = postSolution
		SolutionGuid = {AE377D35-A861-4228-B41B-B63B6A74500F}
	EndGlobalSection
EndGlobal
