
Microsoft Visual Studio Solution File, Format Version 12.00
# Visual Studio 15
VisualStudioVersion = 15.0.28307.438
MinimumVisualStudioVersion = 10.0.40219.1
Project("{FAE04EC0-301F-11D3-BF4B-00C04F79EFBC}") = "01. Count Chars in a String", "01. Count Chars in a String\01. Count Chars in a String.csproj", "{7F345B29-9156-4F85-BB0C-9B375C474FC4}"
EndProject
Project("{FAE04EC0-301F-11D3-BF4B-00C04F79EFBC}") = "02. A Miner Task", "02. A Miner Task\02. A Miner Task.csproj", "{59C357A1-3D08-415A-8E27-7E9DB0A28569}"
EndProject
Project("{FAE04EC0-301F-11D3-BF4B-00C04F79EFBC}") = "03. Legendary Farming", "03. Legendary Farming\03. Legendary Farming.csproj", "{684BB372-A926-4AC7-8EE7-F6768BAC0E8F}"
EndProject
Project("{FAE04EC0-301F-11D3-BF4B-00C04F79EFBC}") = "04. Orders", "04. Orders\04. Orders.csproj", "{57A7FD7D-FCEB-499F-82FC-73BF9BDAC6C8}"
EndProject
Project("{FAE04EC0-301F-11D3-BF4B-00C04F79EFBC}") = "05. SoftUni Parking", "05. SoftUni Parking\05. SoftUni Parking.csproj", "{B6317658-15FA-4B1B-875A-64B2D914C2DC}"
EndProject
Project("{FAE04EC0-301F-11D3-BF4B-00C04F79EFBC}") = "06. Courses", "06. Courses\06. Courses.csproj", "{5E317754-9335-4175-84FB-C4D256030961}"
EndProject
Project("{FAE04EC0-301F-11D3-BF4B-00C04F79EFBC}") = "07. Student Academy", "07. Student Academy\07. Student Academy.csproj", "{35553AC8-E8E9-4169-8DF6-CB987AD1DF06}"
EndProject
Project("{FAE04EC0-301F-11D3-BF4B-00C04F79EFBC}") = "08. Company Users", "08. Company Users\08. Company Users.csproj", "{C25FCCAB-8042-4E1C-ACF1-AD8B0BA3BB7F}"
EndProject
Project("{FAE04EC0-301F-11D3-BF4B-00C04F79EFBC}") = "09. ForceBook", "09. ForceBook\09. ForceBook.csproj", "{589473AB-CC9F-400D-A2A3-A8E8D317144B}"
EndProject
Project("{FAE04EC0-301F-11D3-BF4B-00C04F79EFBC}") = "10. SoftUni Exam Results", "10. SoftUni Exam Results\10. SoftUni Exam Results.csproj", "{EBFD0BDF-ADD6-47F2-B565-E52D22F540B3}"
EndProject
Global
	GlobalSection(SolutionConfigurationPlatforms) = preSolution
		Debug|Any CPU = Debug|Any CPU
		Release|Any CPU = Release|Any CPU
	EndGlobalSection
	GlobalSection(ProjectConfigurationPlatforms) = postSolution
		{7F345B29-9156-4F85-BB0C-9B375C474FC4}.Debug|Any CPU.ActiveCfg = Debug|Any CPU
		{7F345B29-9156-4F85-BB0C-9B375C474FC4}.Debug|Any CPU.Build.0 = Debug|Any CPU
		{7F345B29-9156-4F85-BB0C-9B375C474FC4}.Release|Any CPU.ActiveCfg = Release|Any CPU
		{7F345B29-9156-4F85-BB0C-9B375C474FC4}.Release|Any CPU.Build.0 = Release|Any CPU
		{59C357A1-3D08-415A-8E27-7E9DB0A28569}.Debug|Any CPU.ActiveCfg = Debug|Any CPU
		{59C357A1-3D08-415A-8E27-7E9DB0A28569}.Debug|Any CPU.Build.0 = Debug|Any CPU
		{59C357A1-3D08-415A-8E27-7E9DB0A28569}.Release|Any CPU.ActiveCfg = Release|Any CPU
		{59C357A1-3D08-415A-8E27-7E9DB0A28569}.Release|Any CPU.Build.0 = Release|Any CPU
		{684BB372-A926-4AC7-8EE7-F6768BAC0E8F}.Debug|Any CPU.ActiveCfg = Debug|Any CPU
		{684BB372-A926-4AC7-8EE7-F6768BAC0E8F}.Debug|Any CPU.Build.0 = Debug|Any CPU
		{684BB372-A926-4AC7-8EE7-F6768BAC0E8F}.Release|Any CPU.ActiveCfg = Release|Any CPU
		{684BB372-A926-4AC7-8EE7-F6768BAC0E8F}.Release|Any CPU.Build.0 = Release|Any CPU
		{57A7FD7D-FCEB-499F-82FC-73BF9BDAC6C8}.Debug|Any CPU.ActiveCfg = Debug|Any CPU
		{57A7FD7D-FCEB-499F-82FC-73BF9BDAC6C8}.Debug|Any CPU.Build.0 = Debug|Any CPU
		{57A7FD7D-FCEB-499F-82FC-73BF9BDAC6C8}.Release|Any CPU.ActiveCfg = Release|Any CPU
		{57A7FD7D-FCEB-499F-82FC-73BF9BDAC6C8}.Release|Any CPU.Build.0 = Release|Any CPU
		{B6317658-15FA-4B1B-875A-64B2D914C2DC}.Debug|Any CPU.ActiveCfg = Debug|Any CPU
		{B6317658-15FA-4B1B-875A-64B2D914C2DC}.Debug|Any CPU.Build.0 = Debug|Any CPU
		{B6317658-15FA-4B1B-875A-64B2D914C2DC}.Release|Any CPU.ActiveCfg = Release|Any CPU
		{B6317658-15FA-4B1B-875A-64B2D914C2DC}.Release|Any CPU.Build.0 = Release|Any CPU
		{5E317754-9335-4175-84FB-C4D256030961}.Debug|Any CPU.ActiveCfg = Debug|Any CPU
		{5E317754-9335-4175-84FB-C4D256030961}.Debug|Any CPU.Build.0 = Debug|Any CPU
		{5E317754-9335-4175-84FB-C4D256030961}.Release|Any CPU.ActiveCfg = Release|Any CPU
		{5E317754-9335-4175-84FB-C4D256030961}.Release|Any CPU.Build.0 = Release|Any CPU
		{35553AC8-E8E9-4169-8DF6-CB987AD1DF06}.Debug|Any CPU.ActiveCfg = Debug|Any CPU
		{35553AC8-E8E9-4169-8DF6-CB987AD1DF06}.Debug|Any CPU.Build.0 = Debug|Any CPU
		{35553AC8-E8E9-4169-8DF6-CB987AD1DF06}.Release|Any CPU.ActiveCfg = Release|Any CPU
		{35553AC8-E8E9-4169-8DF6-CB987AD1DF06}.Release|Any CPU.Build.0 = Release|Any CPU
		{C25FCCAB-8042-4E1C-ACF1-AD8B0BA3BB7F}.Debug|Any CPU.ActiveCfg = Debug|Any CPU
		{C25FCCAB-8042-4E1C-ACF1-AD8B0BA3BB7F}.Debug|Any CPU.Build.0 = Debug|Any CPU
		{C25FCCAB-8042-4E1C-ACF1-AD8B0BA3BB7F}.Release|Any CPU.ActiveCfg = Release|Any CPU
		{C25FCCAB-8042-4E1C-ACF1-AD8B0BA3BB7F}.Release|Any CPU.Build.0 = Release|Any CPU
		{589473AB-CC9F-400D-A2A3-A8E8D317144B}.Debug|Any CPU.ActiveCfg = Debug|Any CPU
		{589473AB-CC9F-400D-A2A3-A8E8D317144B}.Debug|Any CPU.Build.0 = Debug|Any CPU
		{589473AB-CC9F-400D-A2A3-A8E8D317144B}.Release|Any CPU.ActiveCfg = Release|Any CPU
		{589473AB-CC9F-400D-A2A3-A8E8D317144B}.Release|Any CPU.Build.0 = Release|Any CPU
		{EBFD0BDF-ADD6-47F2-B565-E52D22F540B3}.Debug|Any CPU.ActiveCfg = Debug|Any CPU
		{EBFD0BDF-ADD6-47F2-B565-E52D22F540B3}.Debug|Any CPU.Build.0 = Debug|Any CPU
		{EBFD0BDF-ADD6-47F2-B565-E52D22F540B3}.Release|Any CPU.ActiveCfg = Release|Any CPU
		{EBFD0BDF-ADD6-47F2-B565-E52D22F540B3}.Release|Any CPU.Build.0 = Release|Any CPU
	EndGlobalSection
	GlobalSection(SolutionProperties) = preSolution
		HideSolutionNode = FALSE
	EndGlobalSection
	GlobalSection(ExtensibilityGlobals) = postSolution
		SolutionGuid = {D4E47B0D-661E-42E0-B969-96D410F33574}
	EndGlobalSection
EndGlobal
