
Microsoft Visual Studio Solution File, Format Version 12.00
# Visual Studio 15
VisualStudioVersion = 15.0.28010.2048
MinimumVisualStudioVersion = 10.0.40219.1
Project("{FAE04EC0-301F-11D3-BF4B-00C04F79EFBC}") = "01. Number in Range 1to100", "01. Number in Range 1to100\01. Number in Range 1to100.csproj", "{B190F3C0-3D1E-4614-8B0D-576BE0F3A551}"
EndProject
Project("{FAE04EC0-301F-11D3-BF4B-00C04F79EFBC}") = "02. Graduation", "02. Graduation\02. Graduation.csproj", "{E2164FEA-9851-40D3-98F2-E0F6A6016926}"
EndProject
Project("{FAE04EC0-301F-11D3-BF4B-00C04F79EFBC}") = "03. Graduation pt.2", "03. Graduation pt.2\03. Graduation pt.2.csproj", "{C445C4E2-BF63-418A-ACDC-4221F59E29CD}"
EndProject
Project("{FAE04EC0-301F-11D3-BF4B-00C04F79EFBC}") = "04. Number sequence", "04. Number sequence\04. Number sequence.csproj", "{E574EB6C-7124-4578-932E-50E331A842A5}"
EndProject
Project("{FAE04EC0-301F-11D3-BF4B-00C04F79EFBC}") = "05. Walking", "05. Walking\05. Walking.csproj", "{90491048-9CE6-482B-B95D-37A052FEB0A8}"
EndProject
Project("{FAE04EC0-301F-11D3-BF4B-00C04F79EFBC}") = "06. Account Balance", "06. Account Balance\06. Account Balance.csproj", "{0A03DCCD-80C1-4E33-9443-8B6AAB8EEFE2}"
EndProject
Project("{FAE04EC0-301F-11D3-BF4B-00C04F79EFBC}") = "07. Water dispenser", "07. Water dispenser\07. Water dispenser.csproj", "{F24DFB82-431E-46CB-B16C-4DE33252ECA4}"
EndProject
Project("{FAE04EC0-301F-11D3-BF4B-00C04F79EFBC}") = "08. Sequence 2k+1", "08. Sequence 2k+1\08. Sequence 2k+1.csproj", "{00B4127D-90EF-4F55-9DC7-274BFFCB7122}"
EndProject
Project("{FAE04EC0-301F-11D3-BF4B-00C04F79EFBC}") = "09. Moving", "09. Moving\09. Moving.csproj", "{3CC8A6F4-1ADC-4C6F-9D4B-A4EC0DBC3E2B}"
EndProject
Global
	GlobalSection(SolutionConfigurationPlatforms) = preSolution
		Debug|Any CPU = Debug|Any CPU
		Release|Any CPU = Release|Any CPU
	EndGlobalSection
	GlobalSection(ProjectConfigurationPlatforms) = postSolution
		{B190F3C0-3D1E-4614-8B0D-576BE0F3A551}.Debug|Any CPU.ActiveCfg = Debug|Any CPU
		{B190F3C0-3D1E-4614-8B0D-576BE0F3A551}.Debug|Any CPU.Build.0 = Debug|Any CPU
		{B190F3C0-3D1E-4614-8B0D-576BE0F3A551}.Release|Any CPU.ActiveCfg = Release|Any CPU
		{B190F3C0-3D1E-4614-8B0D-576BE0F3A551}.Release|Any CPU.Build.0 = Release|Any CPU
		{E2164FEA-9851-40D3-98F2-E0F6A6016926}.Debug|Any CPU.ActiveCfg = Debug|Any CPU
		{E2164FEA-9851-40D3-98F2-E0F6A6016926}.Debug|Any CPU.Build.0 = Debug|Any CPU
		{E2164FEA-9851-40D3-98F2-E0F6A6016926}.Release|Any CPU.ActiveCfg = Release|Any CPU
		{E2164FEA-9851-40D3-98F2-E0F6A6016926}.Release|Any CPU.Build.0 = Release|Any CPU
		{C445C4E2-BF63-418A-ACDC-4221F59E29CD}.Debug|Any CPU.ActiveCfg = Debug|Any CPU
		{C445C4E2-BF63-418A-ACDC-4221F59E29CD}.Debug|Any CPU.Build.0 = Debug|Any CPU
		{C445C4E2-BF63-418A-ACDC-4221F59E29CD}.Release|Any CPU.ActiveCfg = Release|Any CPU
		{C445C4E2-BF63-418A-ACDC-4221F59E29CD}.Release|Any CPU.Build.0 = Release|Any CPU
		{E574EB6C-7124-4578-932E-50E331A842A5}.Debug|Any CPU.ActiveCfg = Debug|Any CPU
		{E574EB6C-7124-4578-932E-50E331A842A5}.Debug|Any CPU.Build.0 = Debug|Any CPU
		{E574EB6C-7124-4578-932E-50E331A842A5}.Release|Any CPU.ActiveCfg = Release|Any CPU
		{E574EB6C-7124-4578-932E-50E331A842A5}.Release|Any CPU.Build.0 = Release|Any CPU
		{90491048-9CE6-482B-B95D-37A052FEB0A8}.Debug|Any CPU.ActiveCfg = Debug|Any CPU
		{90491048-9CE6-482B-B95D-37A052FEB0A8}.Debug|Any CPU.Build.0 = Debug|Any CPU
		{90491048-9CE6-482B-B95D-37A052FEB0A8}.Release|Any CPU.ActiveCfg = Release|Any CPU
		{90491048-9CE6-482B-B95D-37A052FEB0A8}.Release|Any CPU.Build.0 = Release|Any CPU
		{0A03DCCD-80C1-4E33-9443-8B6AAB8EEFE2}.Debug|Any CPU.ActiveCfg = Debug|Any CPU
		{0A03DCCD-80C1-4E33-9443-8B6AAB8EEFE2}.Debug|Any CPU.Build.0 = Debug|Any CPU
		{0A03DCCD-80C1-4E33-9443-8B6AAB8EEFE2}.Release|Any CPU.ActiveCfg = Release|Any CPU
		{0A03DCCD-80C1-4E33-9443-8B6AAB8EEFE2}.Release|Any CPU.Build.0 = Release|Any CPU
		{F24DFB82-431E-46CB-B16C-4DE33252ECA4}.Debug|Any CPU.ActiveCfg = Debug|Any CPU
		{F24DFB82-431E-46CB-B16C-4DE33252ECA4}.Debug|Any CPU.Build.0 = Debug|Any CPU
		{F24DFB82-431E-46CB-B16C-4DE33252ECA4}.Release|Any CPU.ActiveCfg = Release|Any CPU
		{F24DFB82-431E-46CB-B16C-4DE33252ECA4}.Release|Any CPU.Build.0 = Release|Any CPU
		{00B4127D-90EF-4F55-9DC7-274BFFCB7122}.Debug|Any CPU.ActiveCfg = Debug|Any CPU
		{00B4127D-90EF-4F55-9DC7-274BFFCB7122}.Debug|Any CPU.Build.0 = Debug|Any CPU
		{00B4127D-90EF-4F55-9DC7-274BFFCB7122}.Release|Any CPU.ActiveCfg = Release|Any CPU
		{00B4127D-90EF-4F55-9DC7-274BFFCB7122}.Release|Any CPU.Build.0 = Release|Any CPU
		{3CC8A6F4-1ADC-4C6F-9D4B-A4EC0DBC3E2B}.Debug|Any CPU.ActiveCfg = Debug|Any CPU
		{3CC8A6F4-1ADC-4C6F-9D4B-A4EC0DBC3E2B}.Debug|Any CPU.Build.0 = Debug|Any CPU
		{3CC8A6F4-1ADC-4C6F-9D4B-A4EC0DBC3E2B}.Release|Any CPU.ActiveCfg = Release|Any CPU
		{3CC8A6F4-1ADC-4C6F-9D4B-A4EC0DBC3E2B}.Release|Any CPU.Build.0 = Release|Any CPU
	EndGlobalSection
	GlobalSection(SolutionProperties) = preSolution
		HideSolutionNode = FALSE
	EndGlobalSection
	GlobalSection(ExtensibilityGlobals) = postSolution
		SolutionGuid = {149EE564-C829-478F-8F06-A1A7AF5EA38A}
	EndGlobalSection
EndGlobal
