
Microsoft Visual Studio Solution File, Format Version 12.00
# Visual Studio 15
VisualStudioVersion = 15.0.28010.2046
MinimumVisualStudioVersion = 10.0.40219.1
Project("{FAE04EC0-301F-11D3-BF4B-00C04F79EFBC}") = "02. Going Home", "02. Going Home\02. Going Home.csproj", "{256A575D-0EDA-4F30-AEC2-188FA4D81590}"
EndProject
Project("{FAE04EC0-301F-11D3-BF4B-00C04F79EFBC}") = "01. Shopping Time", "01. Shopping Time\01. Shopping Time.csproj", "{54A49F2B-2846-4526-BFBE-565903445C98}"
EndProject
Project("{FAE04EC0-301F-11D3-BF4B-00C04F79EFBC}") = "03. Computer Room", "03. Computer Room\03. Computer Room.csproj", "{9A513A3F-58E3-46BD-8817-75ABEAE7AEB6}"
EndProject
Project("{FAE04EC0-301F-11D3-BF4B-00C04F79EFBC}") = "04. Own Bussiness", "04. Own Bussiness\04. Own Bussiness.csproj", "{2B1B2A55-02CF-4698-AB3F-68566576CFB3}"
EndProject
Project("{FAE04EC0-301F-11D3-BF4B-00C04F79EFBC}") = "05. Computer Firm", "05. Computer Firm\05. Computer Firm.csproj", "{4B139F7A-0639-402B-A1CB-B3EAFD834C8C}"
EndProject
Project("{FAE04EC0-301F-11D3-BF4B-00C04F79EFBC}") = "06. Unique PIN Codes", "06. Unique PIN Codes\06. Unique PIN Codes.csproj", "{C355A37A-CE20-435B-A408-94AA0B152584}"
EndProject
Global
	GlobalSection(SolutionConfigurationPlatforms) = preSolution
		Debug|Any CPU = Debug|Any CPU
		Release|Any CPU = Release|Any CPU
	EndGlobalSection
	GlobalSection(ProjectConfigurationPlatforms) = postSolution
		{256A575D-0EDA-4F30-AEC2-188FA4D81590}.Debug|Any CPU.ActiveCfg = Debug|Any CPU
		{256A575D-0EDA-4F30-AEC2-188FA4D81590}.Debug|Any CPU.Build.0 = Debug|Any CPU
		{256A575D-0EDA-4F30-AEC2-188FA4D81590}.Release|Any CPU.ActiveCfg = Release|Any CPU
		{256A575D-0EDA-4F30-AEC2-188FA4D81590}.Release|Any CPU.Build.0 = Release|Any CPU
		{54A49F2B-2846-4526-BFBE-565903445C98}.Debug|Any CPU.ActiveCfg = Debug|Any CPU
		{54A49F2B-2846-4526-BFBE-565903445C98}.Debug|Any CPU.Build.0 = Debug|Any CPU
		{54A49F2B-2846-4526-BFBE-565903445C98}.Release|Any CPU.ActiveCfg = Release|Any CPU
		{54A49F2B-2846-4526-BFBE-565903445C98}.Release|Any CPU.Build.0 = Release|Any CPU
		{9A513A3F-58E3-46BD-8817-75ABEAE7AEB6}.Debug|Any CPU.ActiveCfg = Debug|Any CPU
		{9A513A3F-58E3-46BD-8817-75ABEAE7AEB6}.Debug|Any CPU.Build.0 = Debug|Any CPU
		{9A513A3F-58E3-46BD-8817-75ABEAE7AEB6}.Release|Any CPU.ActiveCfg = Release|Any CPU
		{9A513A3F-58E3-46BD-8817-75ABEAE7AEB6}.Release|Any CPU.Build.0 = Release|Any CPU
		{2B1B2A55-02CF-4698-AB3F-68566576CFB3}.Debug|Any CPU.ActiveCfg = Debug|Any CPU
		{2B1B2A55-02CF-4698-AB3F-68566576CFB3}.Debug|Any CPU.Build.0 = Debug|Any CPU
		{2B1B2A55-02CF-4698-AB3F-68566576CFB3}.Release|Any CPU.ActiveCfg = Release|Any CPU
		{2B1B2A55-02CF-4698-AB3F-68566576CFB3}.Release|Any CPU.Build.0 = Release|Any CPU
		{4B139F7A-0639-402B-A1CB-B3EAFD834C8C}.Debug|Any CPU.ActiveCfg = Debug|Any CPU
		{4B139F7A-0639-402B-A1CB-B3EAFD834C8C}.Debug|Any CPU.Build.0 = Debug|Any CPU
		{4B139F7A-0639-402B-A1CB-B3EAFD834C8C}.Release|Any CPU.ActiveCfg = Release|Any CPU
		{4B139F7A-0639-402B-A1CB-B3EAFD834C8C}.Release|Any CPU.Build.0 = Release|Any CPU
		{C355A37A-CE20-435B-A408-94AA0B152584}.Debug|Any CPU.ActiveCfg = Debug|Any CPU
		{C355A37A-CE20-435B-A408-94AA0B152584}.Debug|Any CPU.Build.0 = Debug|Any CPU
		{C355A37A-CE20-435B-A408-94AA0B152584}.Release|Any CPU.ActiveCfg = Release|Any CPU
		{C355A37A-CE20-435B-A408-94AA0B152584}.Release|Any CPU.Build.0 = Release|Any CPU
	EndGlobalSection
	GlobalSection(SolutionProperties) = preSolution
		HideSolutionNode = FALSE
	EndGlobalSection
	GlobalSection(ExtensibilityGlobals) = postSolution
		SolutionGuid = {034854E1-CFF5-4B70-9CD4-21D78DE1148A}
	EndGlobalSection
EndGlobal
