
Microsoft Visual Studio Solution File, Format Version 12.00
# Visual Studio Version 16
VisualStudioVersion = 16.0.29411.108
MinimumVisualStudioVersion = 10.0.40219.1
Project("{FAE04EC0-301F-11D3-BF4B-00C04F79EFBC}") = "01. Messaging", "01. Messaging\01. Messaging.csproj", "{2E325729-35CF-414F-B708-31D0421BE201}"
EndProject
Project("{FAE04EC0-301F-11D3-BF4B-00C04F79EFBC}") = "02. CarRace", "02. CarRace\02. CarRace.csproj", "{F7EC8E7C-936E-48AB-96B1-B636312EE0B5}"
EndProject
Project("{FAE04EC0-301F-11D3-BF4B-00C04F79EFBC}") = "03. TakeSkipRope", "03. TakeSkipRope\03. TakeSkipRope.csproj", "{C3B56F02-88BC-4265-A022-1AEA7BD3CE3F}"
EndProject
Project("{FAE04EC0-301F-11D3-BF4B-00C04F79EFBC}") = "04. MixedUpLists", "04. MixedUpLists\04. MixedUpLists.csproj", "{5DFA89C7-93AC-49E2-9684-88353B518408}"
EndProject
Project("{FAE04EC0-301F-11D3-BF4B-00C04F79EFBC}") = "05. DrumSet", "05. DrumSet\05. DrumSet.csproj", "{9C2F3935-2B1F-4069-B12E-1C86642C78BB}"
EndProject
Global
	GlobalSection(SolutionConfigurationPlatforms) = preSolution
		Debug|Any CPU = Debug|Any CPU
		Release|Any CPU = Release|Any CPU
	EndGlobalSection
	GlobalSection(ProjectConfigurationPlatforms) = postSolution
		{2E325729-35CF-414F-B708-31D0421BE201}.Debug|Any CPU.ActiveCfg = Debug|Any CPU
		{2E325729-35CF-414F-B708-31D0421BE201}.Debug|Any CPU.Build.0 = Debug|Any CPU
		{2E325729-35CF-414F-B708-31D0421BE201}.Release|Any CPU.ActiveCfg = Release|Any CPU
		{2E325729-35CF-414F-B708-31D0421BE201}.Release|Any CPU.Build.0 = Release|Any CPU
		{F7EC8E7C-936E-48AB-96B1-B636312EE0B5}.Debug|Any CPU.ActiveCfg = Debug|Any CPU
		{F7EC8E7C-936E-48AB-96B1-B636312EE0B5}.Debug|Any CPU.Build.0 = Debug|Any CPU
		{F7EC8E7C-936E-48AB-96B1-B636312EE0B5}.Release|Any CPU.ActiveCfg = Release|Any CPU
		{F7EC8E7C-936E-48AB-96B1-B636312EE0B5}.Release|Any CPU.Build.0 = Release|Any CPU
		{C3B56F02-88BC-4265-A022-1AEA7BD3CE3F}.Debug|Any CPU.ActiveCfg = Debug|Any CPU
		{C3B56F02-88BC-4265-A022-1AEA7BD3CE3F}.Debug|Any CPU.Build.0 = Debug|Any CPU
		{C3B56F02-88BC-4265-A022-1AEA7BD3CE3F}.Release|Any CPU.ActiveCfg = Release|Any CPU
		{C3B56F02-88BC-4265-A022-1AEA7BD3CE3F}.Release|Any CPU.Build.0 = Release|Any CPU
		{5DFA89C7-93AC-49E2-9684-88353B518408}.Debug|Any CPU.ActiveCfg = Debug|Any CPU
		{5DFA89C7-93AC-49E2-9684-88353B518408}.Debug|Any CPU.Build.0 = Debug|Any CPU
		{5DFA89C7-93AC-49E2-9684-88353B518408}.Release|Any CPU.ActiveCfg = Release|Any CPU
		{5DFA89C7-93AC-49E2-9684-88353B518408}.Release|Any CPU.Build.0 = Release|Any CPU
		{9C2F3935-2B1F-4069-B12E-1C86642C78BB}.Debug|Any CPU.ActiveCfg = Debug|Any CPU
		{9C2F3935-2B1F-4069-B12E-1C86642C78BB}.Debug|Any CPU.Build.0 = Debug|Any CPU
		{9C2F3935-2B1F-4069-B12E-1C86642C78BB}.Release|Any CPU.ActiveCfg = Release|Any CPU
		{9C2F3935-2B1F-4069-B12E-1C86642C78BB}.Release|Any CPU.Build.0 = Release|Any CPU
	EndGlobalSection
	GlobalSection(SolutionProperties) = preSolution
		HideSolutionNode = FALSE
	EndGlobalSection
	GlobalSection(ExtensibilityGlobals) = postSolution
		SolutionGuid = {5A302D76-7016-4836-B531-8793AF26A652}
	EndGlobalSection
EndGlobal
