
Microsoft Visual Studio Solution File, Format Version 12.00
# Visual Studio Version 16
VisualStudioVersion = 16.0.28803.352
MinimumVisualStudioVersion = 10.0.40219.1
Project("{9A19103F-16F7-4668-BE54-9A1E7A4F7556}") = "01. Basic Stack Operations", "01. Basic Stack Operations\01. Basic Stack Operations.csproj", "{E9D6AC66-6917-418F-9B47-1344C8288240}"
EndProject
Project("{9A19103F-16F7-4668-BE54-9A1E7A4F7556}") = "02. Basic Queue Operations", "02. Basic Queue Operations\02. Basic Queue Operations.csproj", "{82951738-D644-45B7-AE6D-0E3B4D86D9A5}"
EndProject
Project("{9A19103F-16F7-4668-BE54-9A1E7A4F7556}") = "03. Maximum and Minimum Element", "03. Maximum and Minimum Element\03. Maximum and Minimum Element.csproj", "{9D39A554-88DC-4553-A233-2E6E3A9C1C78}"
EndProject
Project("{9A19103F-16F7-4668-BE54-9A1E7A4F7556}") = "04. Fast Food", "04. Fast Food\04. Fast Food.csproj", "{3AC72CEE-EE0F-435E-A2CE-4360690EEE4D}"
EndProject
Project("{9A19103F-16F7-4668-BE54-9A1E7A4F7556}") = "05. Fashion Boutique", "05. Fashion Boutique\05. Fashion Boutique.csproj", "{57A41A1F-E801-4843-9668-BBFDB6D3EEB8}"
EndProject
Project("{9A19103F-16F7-4668-BE54-9A1E7A4F7556}") = "06. Auto Repair and Service", "06. Auto Repair and Service\06. Auto Repair and Service.csproj", "{5A180E87-EE77-4F9B-AAB8-0771BE4B8970}"
EndProject
Project("{9A19103F-16F7-4668-BE54-9A1E7A4F7556}") = "07. Truck Tour", "07. Truck Tour\07. Truck Tour.csproj", "{8C7BAA8C-BFEC-4AAE-9A3A-5ACBC7F54D72}"
EndProject
Project("{9A19103F-16F7-4668-BE54-9A1E7A4F7556}") = "08. Balanced Parenthesis", "08. Balanced Parenthesis\08. Balanced Parenthesis.csproj", "{112613B3-1609-4CB3-8157-C05FD8190E8C}"
EndProject
Project("{9A19103F-16F7-4668-BE54-9A1E7A4F7556}") = "09. Simple Text Editor", "09. Simple Text Editor\09. Simple Text Editor.csproj", "{56B7CBF1-AE0D-4153-9910-2BC9E37A194B}"
EndProject
Project("{9A19103F-16F7-4668-BE54-9A1E7A4F7556}") = "11. Key Revolver", "11. Key Revolver\11. Key Revolver.csproj", "{8941BB6E-C43D-472F-8EBC-1871D99A831D}"
EndProject
Project("{9A19103F-16F7-4668-BE54-9A1E7A4F7556}") = "12. Cups and Bottles", "12. Cups and Bottles\12. Cups and Bottles.csproj", "{6D93550A-12EB-4B0B-AB17-C170299BF051}"
EndProject
Project("{FAE04EC0-301F-11D3-BF4B-00C04F79EFBC}") = "10. Crossroads", "10. Crossroads\10. Crossroads.csproj", "{FA0FC40C-A97A-44D2-B8D0-992C49D6A489}"
EndProject
Global
	GlobalSection(SolutionConfigurationPlatforms) = preSolution
		Debug|Any CPU = Debug|Any CPU
		Release|Any CPU = Release|Any CPU
	EndGlobalSection
	GlobalSection(ProjectConfigurationPlatforms) = postSolution
		{E9D6AC66-6917-418F-9B47-1344C8288240}.Debug|Any CPU.ActiveCfg = Debug|Any CPU
		{E9D6AC66-6917-418F-9B47-1344C8288240}.Debug|Any CPU.Build.0 = Debug|Any CPU
		{E9D6AC66-6917-418F-9B47-1344C8288240}.Release|Any CPU.ActiveCfg = Release|Any CPU
		{E9D6AC66-6917-418F-9B47-1344C8288240}.Release|Any CPU.Build.0 = Release|Any CPU
		{82951738-D644-45B7-AE6D-0E3B4D86D9A5}.Debug|Any CPU.ActiveCfg = Debug|Any CPU
		{82951738-D644-45B7-AE6D-0E3B4D86D9A5}.Debug|Any CPU.Build.0 = Debug|Any CPU
		{82951738-D644-45B7-AE6D-0E3B4D86D9A5}.Release|Any CPU.ActiveCfg = Release|Any CPU
		{82951738-D644-45B7-AE6D-0E3B4D86D9A5}.Release|Any CPU.Build.0 = Release|Any CPU
		{9D39A554-88DC-4553-A233-2E6E3A9C1C78}.Debug|Any CPU.ActiveCfg = Debug|Any CPU
		{9D39A554-88DC-4553-A233-2E6E3A9C1C78}.Debug|Any CPU.Build.0 = Debug|Any CPU
		{9D39A554-88DC-4553-A233-2E6E3A9C1C78}.Release|Any CPU.ActiveCfg = Release|Any CPU
		{9D39A554-88DC-4553-A233-2E6E3A9C1C78}.Release|Any CPU.Build.0 = Release|Any CPU
		{3AC72CEE-EE0F-435E-A2CE-4360690EEE4D}.Debug|Any CPU.ActiveCfg = Debug|Any CPU
		{3AC72CEE-EE0F-435E-A2CE-4360690EEE4D}.Debug|Any CPU.Build.0 = Debug|Any CPU
		{3AC72CEE-EE0F-435E-A2CE-4360690EEE4D}.Release|Any CPU.ActiveCfg = Release|Any CPU
		{3AC72CEE-EE0F-435E-A2CE-4360690EEE4D}.Release|Any CPU.Build.0 = Release|Any CPU
		{57A41A1F-E801-4843-9668-BBFDB6D3EEB8}.Debug|Any CPU.ActiveCfg = Debug|Any CPU
		{57A41A1F-E801-4843-9668-BBFDB6D3EEB8}.Debug|Any CPU.Build.0 = Debug|Any CPU
		{57A41A1F-E801-4843-9668-BBFDB6D3EEB8}.Release|Any CPU.ActiveCfg = Release|Any CPU
		{57A41A1F-E801-4843-9668-BBFDB6D3EEB8}.Release|Any CPU.Build.0 = Release|Any CPU
		{5A180E87-EE77-4F9B-AAB8-0771BE4B8970}.Debug|Any CPU.ActiveCfg = Debug|Any CPU
		{5A180E87-EE77-4F9B-AAB8-0771BE4B8970}.Debug|Any CPU.Build.0 = Debug|Any CPU
		{5A180E87-EE77-4F9B-AAB8-0771BE4B8970}.Release|Any CPU.ActiveCfg = Release|Any CPU
		{5A180E87-EE77-4F9B-AAB8-0771BE4B8970}.Release|Any CPU.Build.0 = Release|Any CPU
		{8C7BAA8C-BFEC-4AAE-9A3A-5ACBC7F54D72}.Debug|Any CPU.ActiveCfg = Debug|Any CPU
		{8C7BAA8C-BFEC-4AAE-9A3A-5ACBC7F54D72}.Debug|Any CPU.Build.0 = Debug|Any CPU
		{8C7BAA8C-BFEC-4AAE-9A3A-5ACBC7F54D72}.Release|Any CPU.ActiveCfg = Release|Any CPU
		{8C7BAA8C-BFEC-4AAE-9A3A-5ACBC7F54D72}.Release|Any CPU.Build.0 = Release|Any CPU
		{112613B3-1609-4CB3-8157-C05FD8190E8C}.Debug|Any CPU.ActiveCfg = Debug|Any CPU
		{112613B3-1609-4CB3-8157-C05FD8190E8C}.Debug|Any CPU.Build.0 = Debug|Any CPU
		{112613B3-1609-4CB3-8157-C05FD8190E8C}.Release|Any CPU.ActiveCfg = Release|Any CPU
		{112613B3-1609-4CB3-8157-C05FD8190E8C}.Release|Any CPU.Build.0 = Release|Any CPU
		{56B7CBF1-AE0D-4153-9910-2BC9E37A194B}.Debug|Any CPU.ActiveCfg = Debug|Any CPU
		{56B7CBF1-AE0D-4153-9910-2BC9E37A194B}.Debug|Any CPU.Build.0 = Debug|Any CPU
		{56B7CBF1-AE0D-4153-9910-2BC9E37A194B}.Release|Any CPU.ActiveCfg = Release|Any CPU
		{56B7CBF1-AE0D-4153-9910-2BC9E37A194B}.Release|Any CPU.Build.0 = Release|Any CPU
		{8941BB6E-C43D-472F-8EBC-1871D99A831D}.Debug|Any CPU.ActiveCfg = Debug|Any CPU
		{8941BB6E-C43D-472F-8EBC-1871D99A831D}.Debug|Any CPU.Build.0 = Debug|Any CPU
		{8941BB6E-C43D-472F-8EBC-1871D99A831D}.Release|Any CPU.ActiveCfg = Release|Any CPU
		{8941BB6E-C43D-472F-8EBC-1871D99A831D}.Release|Any CPU.Build.0 = Release|Any CPU
		{6D93550A-12EB-4B0B-AB17-C170299BF051}.Debug|Any CPU.ActiveCfg = Debug|Any CPU
		{6D93550A-12EB-4B0B-AB17-C170299BF051}.Debug|Any CPU.Build.0 = Debug|Any CPU
		{6D93550A-12EB-4B0B-AB17-C170299BF051}.Release|Any CPU.ActiveCfg = Release|Any CPU
		{6D93550A-12EB-4B0B-AB17-C170299BF051}.Release|Any CPU.Build.0 = Release|Any CPU
		{FA0FC40C-A97A-44D2-B8D0-992C49D6A489}.Debug|Any CPU.ActiveCfg = Debug|Any CPU
		{FA0FC40C-A97A-44D2-B8D0-992C49D6A489}.Debug|Any CPU.Build.0 = Debug|Any CPU
		{FA0FC40C-A97A-44D2-B8D0-992C49D6A489}.Release|Any CPU.ActiveCfg = Release|Any CPU
		{FA0FC40C-A97A-44D2-B8D0-992C49D6A489}.Release|Any CPU.Build.0 = Release|Any CPU
	EndGlobalSection
	GlobalSection(SolutionProperties) = preSolution
		HideSolutionNode = FALSE
	EndGlobalSection
	GlobalSection(ExtensibilityGlobals) = postSolution
		SolutionGuid = {D715B911-A1E5-4824-A8BE-6BF73D72BF56}
	EndGlobalSection
EndGlobal
