
Microsoft Visual Studio Solution File, Format Version 12.00
# Visual Studio 15
VisualStudioVersion = 15.0.28307.102
MinimumVisualStudioVersion = 10.0.40219.1
Project("{FAE04EC0-301F-11D3-BF4B-00C04F79EFBC}") = "06. Wedding Seats", "06. Wedding Seats\06. Wedding Seats.csproj", "{44736D52-E434-4539-8E06-1867DF6764D5}"
EndProject
Project("{FAE04EC0-301F-11D3-BF4B-00C04F79EFBC}") = "06. Challenge the Wedding", "06. Challenge the Wedding\06. Challenge the Wedding.csproj", "{A6228922-E6D6-4A1C-8DF5-D3E36D76B17E}"
EndProject
Project("{FAE04EC0-301F-11D3-BF4B-00C04F79EFBC}") = "01. Wedding Hall", "01. Wedding Hall\01. Wedding Hall.csproj", "{BBBF63B0-FCAA-4902-98EF-B580867EEA8D}"
EndProject
Project("{FAE04EC0-301F-11D3-BF4B-00C04F79EFBC}") = "01. Wedding Time", "01. Wedding Time\01. Wedding Time.csproj", "{35E83B15-2D28-4BF5-A477-1CDE755B88D6}"
EndProject
Project("{FAE04EC0-301F-11D3-BF4B-00C04F79EFBC}") = "02. Wedding Party", "02. Wedding Party\02. Wedding Party.csproj", "{84EC964A-9135-472A-B751-421F4E76B0CF}"
EndProject
Project("{FAE04EC0-301F-11D3-BF4B-00C04F79EFBC}") = "02. Maiden Party", "02. Maiden Party\02. Maiden Party.csproj", "{2ACA72D8-06EB-489E-9906-0C7F944773A7}"
EndProject
Project("{FAE04EC0-301F-11D3-BF4B-00C04F79EFBC}") = "03. Honeymoon", "03. Honeymoon\03. Honeymoon.csproj", "{D4F5BDB4-B6DE-45B9-A13C-6C4CBBC7666C}"
EndProject
Project("{FAE04EC0-301F-11D3-BF4B-00C04F79EFBC}") = "03. Wedding Investment", "03. Wedding Investment\03. Wedding Investment.csproj", "{8A0EC7B0-DD04-44FC-B624-A836312D34E8}"
EndProject
Project("{FAE04EC0-301F-11D3-BF4B-00C04F79EFBC}") = "04. Bachelor Party", "04. Bachelor Party\04. Bachelor Party.csproj", "{FBD78EE4-5F95-4B48-970B-8670AC3F0F8D}"
EndProject
Project("{FAE04EC0-301F-11D3-BF4B-00C04F79EFBC}") = "04. Wedding Decoration", "04. Wedding Decoration\04. Wedding Decoration.csproj", "{553D90DC-E835-443B-8BB1-A6E18865677F}"
EndProject
Project("{FAE04EC0-301F-11D3-BF4B-00C04F79EFBC}") = "05. Wedding Presents", "05. Wedding Presents\05. Wedding Presents.csproj", "{980F82C1-8876-4C01-A4B7-5E4152C58194}"
EndProject
Project("{FAE04EC0-301F-11D3-BF4B-00C04F79EFBC}") = "05. Family House", "05. Family House\05. Family House.csproj", "{4416D8D9-21F3-4B1A-A152-A09170B8C225}"
EndProject
Global
	GlobalSection(SolutionConfigurationPlatforms) = preSolution
		Debug|Any CPU = Debug|Any CPU
		Release|Any CPU = Release|Any CPU
	EndGlobalSection
	GlobalSection(ProjectConfigurationPlatforms) = postSolution
		{44736D52-E434-4539-8E06-1867DF6764D5}.Debug|Any CPU.ActiveCfg = Debug|Any CPU
		{44736D52-E434-4539-8E06-1867DF6764D5}.Debug|Any CPU.Build.0 = Debug|Any CPU
		{44736D52-E434-4539-8E06-1867DF6764D5}.Release|Any CPU.ActiveCfg = Release|Any CPU
		{44736D52-E434-4539-8E06-1867DF6764D5}.Release|Any CPU.Build.0 = Release|Any CPU
		{A6228922-E6D6-4A1C-8DF5-D3E36D76B17E}.Debug|Any CPU.ActiveCfg = Debug|Any CPU
		{A6228922-E6D6-4A1C-8DF5-D3E36D76B17E}.Debug|Any CPU.Build.0 = Debug|Any CPU
		{A6228922-E6D6-4A1C-8DF5-D3E36D76B17E}.Release|Any CPU.ActiveCfg = Release|Any CPU
		{A6228922-E6D6-4A1C-8DF5-D3E36D76B17E}.Release|Any CPU.Build.0 = Release|Any CPU
		{BBBF63B0-FCAA-4902-98EF-B580867EEA8D}.Debug|Any CPU.ActiveCfg = Debug|Any CPU
		{BBBF63B0-FCAA-4902-98EF-B580867EEA8D}.Debug|Any CPU.Build.0 = Debug|Any CPU
		{BBBF63B0-FCAA-4902-98EF-B580867EEA8D}.Release|Any CPU.ActiveCfg = Release|Any CPU
		{BBBF63B0-FCAA-4902-98EF-B580867EEA8D}.Release|Any CPU.Build.0 = Release|Any CPU
		{35E83B15-2D28-4BF5-A477-1CDE755B88D6}.Debug|Any CPU.ActiveCfg = Debug|Any CPU
		{35E83B15-2D28-4BF5-A477-1CDE755B88D6}.Debug|Any CPU.Build.0 = Debug|Any CPU
		{35E83B15-2D28-4BF5-A477-1CDE755B88D6}.Release|Any CPU.ActiveCfg = Release|Any CPU
		{35E83B15-2D28-4BF5-A477-1CDE755B88D6}.Release|Any CPU.Build.0 = Release|Any CPU
		{84EC964A-9135-472A-B751-421F4E76B0CF}.Debug|Any CPU.ActiveCfg = Debug|Any CPU
		{84EC964A-9135-472A-B751-421F4E76B0CF}.Debug|Any CPU.Build.0 = Debug|Any CPU
		{84EC964A-9135-472A-B751-421F4E76B0CF}.Release|Any CPU.ActiveCfg = Release|Any CPU
		{84EC964A-9135-472A-B751-421F4E76B0CF}.Release|Any CPU.Build.0 = Release|Any CPU
		{2ACA72D8-06EB-489E-9906-0C7F944773A7}.Debug|Any CPU.ActiveCfg = Debug|Any CPU
		{2ACA72D8-06EB-489E-9906-0C7F944773A7}.Debug|Any CPU.Build.0 = Debug|Any CPU
		{2ACA72D8-06EB-489E-9906-0C7F944773A7}.Release|Any CPU.ActiveCfg = Release|Any CPU
		{2ACA72D8-06EB-489E-9906-0C7F944773A7}.Release|Any CPU.Build.0 = Release|Any CPU
		{D4F5BDB4-B6DE-45B9-A13C-6C4CBBC7666C}.Debug|Any CPU.ActiveCfg = Debug|Any CPU
		{D4F5BDB4-B6DE-45B9-A13C-6C4CBBC7666C}.Debug|Any CPU.Build.0 = Debug|Any CPU
		{D4F5BDB4-B6DE-45B9-A13C-6C4CBBC7666C}.Release|Any CPU.ActiveCfg = Release|Any CPU
		{D4F5BDB4-B6DE-45B9-A13C-6C4CBBC7666C}.Release|Any CPU.Build.0 = Release|Any CPU
		{8A0EC7B0-DD04-44FC-B624-A836312D34E8}.Debug|Any CPU.ActiveCfg = Debug|Any CPU
		{8A0EC7B0-DD04-44FC-B624-A836312D34E8}.Debug|Any CPU.Build.0 = Debug|Any CPU
		{8A0EC7B0-DD04-44FC-B624-A836312D34E8}.Release|Any CPU.ActiveCfg = Release|Any CPU
		{8A0EC7B0-DD04-44FC-B624-A836312D34E8}.Release|Any CPU.Build.0 = Release|Any CPU
		{FBD78EE4-5F95-4B48-970B-8670AC3F0F8D}.Debug|Any CPU.ActiveCfg = Debug|Any CPU
		{FBD78EE4-5F95-4B48-970B-8670AC3F0F8D}.Debug|Any CPU.Build.0 = Debug|Any CPU
		{FBD78EE4-5F95-4B48-970B-8670AC3F0F8D}.Release|Any CPU.ActiveCfg = Release|Any CPU
		{FBD78EE4-5F95-4B48-970B-8670AC3F0F8D}.Release|Any CPU.Build.0 = Release|Any CPU
		{553D90DC-E835-443B-8BB1-A6E18865677F}.Debug|Any CPU.ActiveCfg = Debug|Any CPU
		{553D90DC-E835-443B-8BB1-A6E18865677F}.Debug|Any CPU.Build.0 = Debug|Any CPU
		{553D90DC-E835-443B-8BB1-A6E18865677F}.Release|Any CPU.ActiveCfg = Release|Any CPU
		{553D90DC-E835-443B-8BB1-A6E18865677F}.Release|Any CPU.Build.0 = Release|Any CPU
		{980F82C1-8876-4C01-A4B7-5E4152C58194}.Debug|Any CPU.ActiveCfg = Debug|Any CPU
		{980F82C1-8876-4C01-A4B7-5E4152C58194}.Debug|Any CPU.Build.0 = Debug|Any CPU
		{980F82C1-8876-4C01-A4B7-5E4152C58194}.Release|Any CPU.ActiveCfg = Release|Any CPU
		{980F82C1-8876-4C01-A4B7-5E4152C58194}.Release|Any CPU.Build.0 = Release|Any CPU
		{4416D8D9-21F3-4B1A-A152-A09170B8C225}.Debug|Any CPU.ActiveCfg = Debug|Any CPU
		{4416D8D9-21F3-4B1A-A152-A09170B8C225}.Debug|Any CPU.Build.0 = Debug|Any CPU
		{4416D8D9-21F3-4B1A-A152-A09170B8C225}.Release|Any CPU.ActiveCfg = Release|Any CPU
		{4416D8D9-21F3-4B1A-A152-A09170B8C225}.Release|Any CPU.Build.0 = Release|Any CPU
	EndGlobalSection
	GlobalSection(SolutionProperties) = preSolution
		HideSolutionNode = FALSE
	EndGlobalSection
	GlobalSection(ExtensibilityGlobals) = postSolution
		SolutionGuid = {DEF5B68F-A3F3-4B93-96C7-E067EEA390E6}
	EndGlobalSection
EndGlobal
