
Microsoft Visual Studio Solution File, Format Version 12.00
# Visual Studio 15
VisualStudioVersion = 15.0.28307.106
MinimumVisualStudioVersion = 10.0.40219.1
Project("{FAE04EC0-301F-11D3-BF4B-00C04F79EFBC}") = "01. Sea Trip", "01. Sea Trip\01. Sea Trip.csproj", "{671387FC-D7D6-4F3B-A6AC-79F4F830A15A}"
EndProject
Project("{FAE04EC0-301F-11D3-BF4B-00C04F79EFBC}") = "02. Spaceship", "02. Spaceship\02. Spaceship.csproj", "{4AB2C113-C4E4-4593-A482-E593090B5805}"
EndProject
Project("{FAE04EC0-301F-11D3-BF4B-00C04F79EFBC}") = "03. Sushi Time", "03. Sushi Time\03. Sushi Time.csproj", "{FE548FB3-71B0-45EE-9A3F-18E9CD33D3D2}"
EndProject
Project("{FAE04EC0-301F-11D3-BF4B-00C04F79EFBC}") = "04. Wedding Decoration", "04. Wedding Decoration\04. Wedding Decoration.csproj", "{650F4EBD-8483-4A1D-A98C-A9917F3D6A5C}"
EndProject
Project("{FAE04EC0-301F-11D3-BF4B-00C04F79EFBC}") = "05. Bus", "05. Bus\05. Bus.csproj", "{06B6C4A9-4411-4491-A14B-B959477EE7B8}"
EndProject
Project("{FAE04EC0-301F-11D3-BF4B-00C04F79EFBC}") = "06. Multiply Table", "06. Multiply Table\06. Multiply Table.csproj", "{37EB93FD-96B4-41E3-8517-E36A84CC0B3D}"
EndProject
Global
	GlobalSection(SolutionConfigurationPlatforms) = preSolution
		Debug|Any CPU = Debug|Any CPU
		Release|Any CPU = Release|Any CPU
	EndGlobalSection
	GlobalSection(ProjectConfigurationPlatforms) = postSolution
		{671387FC-D7D6-4F3B-A6AC-79F4F830A15A}.Debug|Any CPU.ActiveCfg = Debug|Any CPU
		{671387FC-D7D6-4F3B-A6AC-79F4F830A15A}.Debug|Any CPU.Build.0 = Debug|Any CPU
		{671387FC-D7D6-4F3B-A6AC-79F4F830A15A}.Release|Any CPU.ActiveCfg = Release|Any CPU
		{671387FC-D7D6-4F3B-A6AC-79F4F830A15A}.Release|Any CPU.Build.0 = Release|Any CPU
		{4AB2C113-C4E4-4593-A482-E593090B5805}.Debug|Any CPU.ActiveCfg = Debug|Any CPU
		{4AB2C113-C4E4-4593-A482-E593090B5805}.Debug|Any CPU.Build.0 = Debug|Any CPU
		{4AB2C113-C4E4-4593-A482-E593090B5805}.Release|Any CPU.ActiveCfg = Release|Any CPU
		{4AB2C113-C4E4-4593-A482-E593090B5805}.Release|Any CPU.Build.0 = Release|Any CPU
		{FE548FB3-71B0-45EE-9A3F-18E9CD33D3D2}.Debug|Any CPU.ActiveCfg = Debug|Any CPU
		{FE548FB3-71B0-45EE-9A3F-18E9CD33D3D2}.Debug|Any CPU.Build.0 = Debug|Any CPU
		{FE548FB3-71B0-45EE-9A3F-18E9CD33D3D2}.Release|Any CPU.ActiveCfg = Release|Any CPU
		{FE548FB3-71B0-45EE-9A3F-18E9CD33D3D2}.Release|Any CPU.Build.0 = Release|Any CPU
		{650F4EBD-8483-4A1D-A98C-A9917F3D6A5C}.Debug|Any CPU.ActiveCfg = Debug|Any CPU
		{650F4EBD-8483-4A1D-A98C-A9917F3D6A5C}.Debug|Any CPU.Build.0 = Debug|Any CPU
		{650F4EBD-8483-4A1D-A98C-A9917F3D6A5C}.Release|Any CPU.ActiveCfg = Release|Any CPU
		{650F4EBD-8483-4A1D-A98C-A9917F3D6A5C}.Release|Any CPU.Build.0 = Release|Any CPU
		{06B6C4A9-4411-4491-A14B-B959477EE7B8}.Debug|Any CPU.ActiveCfg = Debug|Any CPU
		{06B6C4A9-4411-4491-A14B-B959477EE7B8}.Debug|Any CPU.Build.0 = Debug|Any CPU
		{06B6C4A9-4411-4491-A14B-B959477EE7B8}.Release|Any CPU.ActiveCfg = Release|Any CPU
		{06B6C4A9-4411-4491-A14B-B959477EE7B8}.Release|Any CPU.Build.0 = Release|Any CPU
		{37EB93FD-96B4-41E3-8517-E36A84CC0B3D}.Debug|Any CPU.ActiveCfg = Debug|Any CPU
		{37EB93FD-96B4-41E3-8517-E36A84CC0B3D}.Debug|Any CPU.Build.0 = Debug|Any CPU
		{37EB93FD-96B4-41E3-8517-E36A84CC0B3D}.Release|Any CPU.ActiveCfg = Release|Any CPU
		{37EB93FD-96B4-41E3-8517-E36A84CC0B3D}.Release|Any CPU.Build.0 = Release|Any CPU
	EndGlobalSection
	GlobalSection(SolutionProperties) = preSolution
		HideSolutionNode = FALSE
	EndGlobalSection
	GlobalSection(ExtensibilityGlobals) = postSolution
		SolutionGuid = {69FFF5AD-7A8E-4343-A54B-DB13411D37D1}
	EndGlobalSection
EndGlobal
