
Microsoft Visual Studio Solution File, Format Version 12.00
# Visual Studio 15
VisualStudioVersion = 15.0.28307.329
MinimumVisualStudioVersion = 10.0.40219.1
Project("{FAE04EC0-301F-11D3-BF4B-00C04F79EFBC}") = "1. Sum Matrix Elements", "1. Sum Matrix Elements\1. Sum Matrix Elements.csproj", "{24491651-AAA0-4912-8006-F7159D00B470}"
EndProject
Project("{FAE04EC0-301F-11D3-BF4B-00C04F79EFBC}") = "2. Sum Matrix Columns", "2. Sum Matrix Columns\2. Sum Matrix Columns.csproj", "{EC5AAC07-150A-465A-B47D-A8523928217C}"
EndProject
Project("{FAE04EC0-301F-11D3-BF4B-00C04F79EFBC}") = "3. Primary Diagonal", "3. Primary Diagonal\3. Primary Diagonal.csproj", "{EE00B0C0-A668-4DA8-8B22-66364EAC84FF}"
EndProject
Project("{FAE04EC0-301F-11D3-BF4B-00C04F79EFBC}") = "5. Square With Maximum Sum", "5. Square With Maximum Sum\5. Square With Maximum Sum.csproj", "{EA14CEF4-4728-45FE-B530-D7F12A075CCA}"
EndProject
Project("{FAE04EC0-301F-11D3-BF4B-00C04F79EFBC}") = "6. Jagged-Array Modification", "6. Jagged-Array Modification\6. Jagged-Array Modification.csproj", "{59C4D687-58E4-4020-802B-C38088B414B1}"
EndProject
Project("{FAE04EC0-301F-11D3-BF4B-00C04F79EFBC}") = "7. Pascal Triangle", "7. Pascal Triangle\7. Pascal Triangle.csproj", "{0C0EAE8B-F427-4A1E-A3D8-F204419CD540}"
EndProject
Project("{FAE04EC0-301F-11D3-BF4B-00C04F79EFBC}") = "4. Symbol in Matrix", "4. Symbol in Matrix\4. Symbol in Matrix.csproj", "{4D1C3A72-6848-42AD-A32C-1FA59F7264F4}"
EndProject
Global
	GlobalSection(SolutionConfigurationPlatforms) = preSolution
		Debug|Any CPU = Debug|Any CPU
		Release|Any CPU = Release|Any CPU
	EndGlobalSection
	GlobalSection(ProjectConfigurationPlatforms) = postSolution
		{24491651-AAA0-4912-8006-F7159D00B470}.Debug|Any CPU.ActiveCfg = Debug|Any CPU
		{24491651-AAA0-4912-8006-F7159D00B470}.Debug|Any CPU.Build.0 = Debug|Any CPU
		{24491651-AAA0-4912-8006-F7159D00B470}.Release|Any CPU.ActiveCfg = Release|Any CPU
		{24491651-AAA0-4912-8006-F7159D00B470}.Release|Any CPU.Build.0 = Release|Any CPU
		{EC5AAC07-150A-465A-B47D-A8523928217C}.Debug|Any CPU.ActiveCfg = Debug|Any CPU
		{EC5AAC07-150A-465A-B47D-A8523928217C}.Debug|Any CPU.Build.0 = Debug|Any CPU
		{EC5AAC07-150A-465A-B47D-A8523928217C}.Release|Any CPU.ActiveCfg = Release|Any CPU
		{EC5AAC07-150A-465A-B47D-A8523928217C}.Release|Any CPU.Build.0 = Release|Any CPU
		{EE00B0C0-A668-4DA8-8B22-66364EAC84FF}.Debug|Any CPU.ActiveCfg = Debug|Any CPU
		{EE00B0C0-A668-4DA8-8B22-66364EAC84FF}.Debug|Any CPU.Build.0 = Debug|Any CPU
		{EE00B0C0-A668-4DA8-8B22-66364EAC84FF}.Release|Any CPU.ActiveCfg = Release|Any CPU
		{EE00B0C0-A668-4DA8-8B22-66364EAC84FF}.Release|Any CPU.Build.0 = Release|Any CPU
		{EA14CEF4-4728-45FE-B530-D7F12A075CCA}.Debug|Any CPU.ActiveCfg = Debug|Any CPU
		{EA14CEF4-4728-45FE-B530-D7F12A075CCA}.Debug|Any CPU.Build.0 = Debug|Any CPU
		{EA14CEF4-4728-45FE-B530-D7F12A075CCA}.Release|Any CPU.ActiveCfg = Release|Any CPU
		{EA14CEF4-4728-45FE-B530-D7F12A075CCA}.Release|Any CPU.Build.0 = Release|Any CPU
		{59C4D687-58E4-4020-802B-C38088B414B1}.Debug|Any CPU.ActiveCfg = Debug|Any CPU
		{59C4D687-58E4-4020-802B-C38088B414B1}.Debug|Any CPU.Build.0 = Debug|Any CPU
		{59C4D687-58E4-4020-802B-C38088B414B1}.Release|Any CPU.ActiveCfg = Release|Any CPU
		{59C4D687-58E4-4020-802B-C38088B414B1}.Release|Any CPU.Build.0 = Release|Any CPU
		{0C0EAE8B-F427-4A1E-A3D8-F204419CD540}.Debug|Any CPU.ActiveCfg = Debug|Any CPU
		{0C0EAE8B-F427-4A1E-A3D8-F204419CD540}.Debug|Any CPU.Build.0 = Debug|Any CPU
		{0C0EAE8B-F427-4A1E-A3D8-F204419CD540}.Release|Any CPU.ActiveCfg = Release|Any CPU
		{0C0EAE8B-F427-4A1E-A3D8-F204419CD540}.Release|Any CPU.Build.0 = Release|Any CPU
		{4D1C3A72-6848-42AD-A32C-1FA59F7264F4}.Debug|Any CPU.ActiveCfg = Debug|Any CPU
		{4D1C3A72-6848-42AD-A32C-1FA59F7264F4}.Debug|Any CPU.Build.0 = Debug|Any CPU
		{4D1C3A72-6848-42AD-A32C-1FA59F7264F4}.Release|Any CPU.ActiveCfg = Release|Any CPU
		{4D1C3A72-6848-42AD-A32C-1FA59F7264F4}.Release|Any CPU.Build.0 = Release|Any CPU
	EndGlobalSection
	GlobalSection(SolutionProperties) = preSolution
		HideSolutionNode = FALSE
	EndGlobalSection
	GlobalSection(ExtensibilityGlobals) = postSolution
		SolutionGuid = {5E9AE6D2-A24A-4F2A-9BF8-827C60696F31}
	EndGlobalSection
EndGlobal
