
Microsoft Visual Studio Solution File, Format Version 12.00
# Visual Studio Version 16
VisualStudioVersion = 16.0.29025.244
MinimumVisualStudioVersion = 10.0.40219.1
Project("{9A19103F-16F7-4668-BE54-9A1E7A4F7556}") = "Animals", "Animals\Animals.csproj", "{D515EC50-DA01-4C16-9C5A-840B343C1CE3}"
EndProject
Project("{9A19103F-16F7-4668-BE54-9A1E7A4F7556}") = "NeedForSpeed", "NeedForSpeed\NeedForSpeed.csproj", "{6B8FBAA3-43E8-484C-B023-58439FDB4596}"
EndProject
Project("{9A19103F-16F7-4668-BE54-9A1E7A4F7556}") = "Person", "Person\Person.csproj", "{DDAD1702-E5B3-4E02-9352-AC0181599CD8}"
EndProject
Project("{9A19103F-16F7-4668-BE54-9A1E7A4F7556}") = "PlayersAndMonsters", "PlayersAndMonsters\PlayersAndMonsters.csproj", "{BF302B6B-9072-4999-88C5-6DFDA7FF8AB3}"
EndProject
Project("{9A19103F-16F7-4668-BE54-9A1E7A4F7556}") = "Restaurant", "Restaurant\Restaurant.csproj", "{59871FA5-2AFB-412F-9769-04003A804C45}"
EndProject
Project("{9A19103F-16F7-4668-BE54-9A1E7A4F7556}") = "Zoo", "Zoo\Zoo.csproj", "{B2554B17-2492-4848-8271-C9897CC0E1D7}"
EndProject
Global
	GlobalSection(SolutionConfigurationPlatforms) = preSolution
		Debug|Any CPU = Debug|Any CPU
		Release|Any CPU = Release|Any CPU
	EndGlobalSection
	GlobalSection(ProjectConfigurationPlatforms) = postSolution
		{D515EC50-DA01-4C16-9C5A-840B343C1CE3}.Debug|Any CPU.ActiveCfg = Debug|Any CPU
		{D515EC50-DA01-4C16-9C5A-840B343C1CE3}.Debug|Any CPU.Build.0 = Debug|Any CPU
		{D515EC50-DA01-4C16-9C5A-840B343C1CE3}.Release|Any CPU.ActiveCfg = Release|Any CPU
		{D515EC50-DA01-4C16-9C5A-840B343C1CE3}.Release|Any CPU.Build.0 = Release|Any CPU
		{6B8FBAA3-43E8-484C-B023-58439FDB4596}.Debug|Any CPU.ActiveCfg = Debug|Any CPU
		{6B8FBAA3-43E8-484C-B023-58439FDB4596}.Debug|Any CPU.Build.0 = Debug|Any CPU
		{6B8FBAA3-43E8-484C-B023-58439FDB4596}.Release|Any CPU.ActiveCfg = Release|Any CPU
		{6B8FBAA3-43E8-484C-B023-58439FDB4596}.Release|Any CPU.Build.0 = Release|Any CPU
		{DDAD1702-E5B3-4E02-9352-AC0181599CD8}.Debug|Any CPU.ActiveCfg = Debug|Any CPU
		{DDAD1702-E5B3-4E02-9352-AC0181599CD8}.Debug|Any CPU.Build.0 = Debug|Any CPU
		{DDAD1702-E5B3-4E02-9352-AC0181599CD8}.Release|Any CPU.ActiveCfg = Release|Any CPU
		{DDAD1702-E5B3-4E02-9352-AC0181599CD8}.Release|Any CPU.Build.0 = Release|Any CPU
		{BF302B6B-9072-4999-88C5-6DFDA7FF8AB3}.Debug|Any CPU.ActiveCfg = Debug|Any CPU
		{BF302B6B-9072-4999-88C5-6DFDA7FF8AB3}.Debug|Any CPU.Build.0 = Debug|Any CPU
		{BF302B6B-9072-4999-88C5-6DFDA7FF8AB3}.Release|Any CPU.ActiveCfg = Release|Any CPU
		{BF302B6B-9072-4999-88C5-6DFDA7FF8AB3}.Release|Any CPU.Build.0 = Release|Any CPU
		{59871FA5-2AFB-412F-9769-04003A804C45}.Debug|Any CPU.ActiveCfg = Debug|Any CPU
		{59871FA5-2AFB-412F-9769-04003A804C45}.Debug|Any CPU.Build.0 = Debug|Any CPU
		{59871FA5-2AFB-412F-9769-04003A804C45}.Release|Any CPU.ActiveCfg = Release|Any CPU
		{59871FA5-2AFB-412F-9769-04003A804C45}.Release|Any CPU.Build.0 = Release|Any CPU
		{B2554B17-2492-4848-8271-C9897CC0E1D7}.Debug|Any CPU.ActiveCfg = Debug|Any CPU
		{B2554B17-2492-4848-8271-C9897CC0E1D7}.Debug|Any CPU.Build.0 = Debug|Any CPU
		{B2554B17-2492-4848-8271-C9897CC0E1D7}.Release|Any CPU.ActiveCfg = Release|Any CPU
		{B2554B17-2492-4848-8271-C9897CC0E1D7}.Release|Any CPU.Build.0 = Release|Any CPU
	EndGlobalSection
	GlobalSection(SolutionProperties) = preSolution
		HideSolutionNode = FALSE
	EndGlobalSection
	GlobalSection(ExtensibilityGlobals) = postSolution
		SolutionGuid = {632E03C5-35C5-4935-AA39-4AF4E0F67081}
	EndGlobalSection
EndGlobal
