
Microsoft Visual Studio Solution File, Format Version 12.00
# Visual Studio Version 16
VisualStudioVersion = 16.0.29009.5
MinimumVisualStudioVersion = 10.0.40219.1
Project("{FAE04EC0-301F-11D3-BF4B-00C04F79EFBC}") = "01.MathOperations", "01.MathOperations\01.MathOperations.csproj", "{A2D23308-9273-45C2-AC51-DFEFD3DBE675}"
EndProject
Project("{FAE04EC0-301F-11D3-BF4B-00C04F79EFBC}") = "02.Animals", "02.Animals\02.Animals.csproj", "{50564BA1-E48C-433B-9C92-063EAD4FFD30}"
EndProject
Project("{FAE04EC0-301F-11D3-BF4B-00C04F79EFBC}") = "03.Shapes", "03.Shapes\03.Shapes.csproj", "{E340ADC5-FD87-4CB8-BE1A-1ED69E3B3324}"
EndProject
Global
	GlobalSection(SolutionConfigurationPlatforms) = preSolution
		Debug|Any CPU = Debug|Any CPU
		Release|Any CPU = Release|Any CPU
	EndGlobalSection
	GlobalSection(ProjectConfigurationPlatforms) = postSolution
		{A2D23308-9273-45C2-AC51-DFEFD3DBE675}.Debug|Any CPU.ActiveCfg = Debug|Any CPU
		{A2D23308-9273-45C2-AC51-DFEFD3DBE675}.Debug|Any CPU.Build.0 = Debug|Any CPU
		{A2D23308-9273-45C2-AC51-DFEFD3DBE675}.Release|Any CPU.ActiveCfg = Release|Any CPU
		{A2D23308-9273-45C2-AC51-DFEFD3DBE675}.Release|Any CPU.Build.0 = Release|Any CPU
		{50564BA1-E48C-433B-9C92-063EAD4FFD30}.Debug|Any CPU.ActiveCfg = Debug|Any CPU
		{50564BA1-E48C-433B-9C92-063EAD4FFD30}.Debug|Any CPU.Build.0 = Debug|Any CPU
		{50564BA1-E48C-433B-9C92-063EAD4FFD30}.Release|Any CPU.ActiveCfg = Release|Any CPU
		{50564BA1-E48C-433B-9C92-063EAD4FFD30}.Release|Any CPU.Build.0 = Release|Any CPU
		{E340ADC5-FD87-4CB8-BE1A-1ED69E3B3324}.Debug|Any CPU.ActiveCfg = Debug|Any CPU
		{E340ADC5-FD87-4CB8-BE1A-1ED69E3B3324}.Debug|Any CPU.Build.0 = Debug|Any CPU
		{E340ADC5-FD87-4CB8-BE1A-1ED69E3B3324}.Release|Any CPU.ActiveCfg = Release|Any CPU
		{E340ADC5-FD87-4CB8-BE1A-1ED69E3B3324}.Release|Any CPU.Build.0 = Release|Any CPU
	EndGlobalSection
	GlobalSection(SolutionProperties) = preSolution
		HideSolutionNode = FALSE
	EndGlobalSection
	GlobalSection(ExtensibilityGlobals) = postSolution
		SolutionGuid = {25FEBB03-82AA-4FEB-8B86-F16F0A585291}
	EndGlobalSection
EndGlobal
