
Microsoft Visual Studio Solution File, Format Version 12.00
# Visual Studio 15
VisualStudioVersion = 15.0.28010.2050
MinimumVisualStudioVersion = 10.0.40219.1
Project("{FAE04EC0-301F-11D3-BF4B-00C04F79EFBC}") = "01. Greatest Common Divisor (CGD)", "01. Greatest Common Divisor (CGD)\01. Greatest Common Divisor (CGD).csproj", "{2A4287A6-25CE-49A2-AE10-00C4EBC6D4C8}"
EndProject
Project("{FAE04EC0-301F-11D3-BF4B-00C04F79EFBC}") = "02. Old Books", "02. Old Books\02. Old Books.csproj", "{31EA0E90-AF35-4640-A860-6A7E34B6A93D}"
EndProject
Project("{FAE04EC0-301F-11D3-BF4B-00C04F79EFBC}") = "03. Exam Preparation", "03. Exam Preparation\03. Exam Preparation.csproj", "{F64DE95A-DE88-4C50-88E3-778BAED66083}"
EndProject
Project("{FAE04EC0-301F-11D3-BF4B-00C04F79EFBC}") = "04. Vacation", "04. Vacation\04. Vacation.csproj", "{A90F7E5B-9341-48AF-AAC3-8A3FAEC912CD}"
EndProject
Project("{FAE04EC0-301F-11D3-BF4B-00C04F79EFBC}") = "05. Coins", "05. Coins\05. Coins.csproj", "{9A44218B-A802-4C79-8E97-56244C97A5DD}"
EndProject
Project("{FAE04EC0-301F-11D3-BF4B-00C04F79EFBC}") = "06. Cake", "06. Cake\06. Cake.csproj", "{E8AFBCE6-5F61-49F3-AFDC-1824ECCAE1FC}"
EndProject
Global
	GlobalSection(SolutionConfigurationPlatforms) = preSolution
		Debug|Any CPU = Debug|Any CPU
		Release|Any CPU = Release|Any CPU
	EndGlobalSection
	GlobalSection(ProjectConfigurationPlatforms) = postSolution
		{2A4287A6-25CE-49A2-AE10-00C4EBC6D4C8}.Debug|Any CPU.ActiveCfg = Debug|Any CPU
		{2A4287A6-25CE-49A2-AE10-00C4EBC6D4C8}.Debug|Any CPU.Build.0 = Debug|Any CPU
		{2A4287A6-25CE-49A2-AE10-00C4EBC6D4C8}.Release|Any CPU.ActiveCfg = Release|Any CPU
		{2A4287A6-25CE-49A2-AE10-00C4EBC6D4C8}.Release|Any CPU.Build.0 = Release|Any CPU
		{31EA0E90-AF35-4640-A860-6A7E34B6A93D}.Debug|Any CPU.ActiveCfg = Debug|Any CPU
		{31EA0E90-AF35-4640-A860-6A7E34B6A93D}.Debug|Any CPU.Build.0 = Debug|Any CPU
		{31EA0E90-AF35-4640-A860-6A7E34B6A93D}.Release|Any CPU.ActiveCfg = Release|Any CPU
		{31EA0E90-AF35-4640-A860-6A7E34B6A93D}.Release|Any CPU.Build.0 = Release|Any CPU
		{F64DE95A-DE88-4C50-88E3-778BAED66083}.Debug|Any CPU.ActiveCfg = Debug|Any CPU
		{F64DE95A-DE88-4C50-88E3-778BAED66083}.Debug|Any CPU.Build.0 = Debug|Any CPU
		{F64DE95A-DE88-4C50-88E3-778BAED66083}.Release|Any CPU.ActiveCfg = Release|Any CPU
		{F64DE95A-DE88-4C50-88E3-778BAED66083}.Release|Any CPU.Build.0 = Release|Any CPU
		{A90F7E5B-9341-48AF-AAC3-8A3FAEC912CD}.Debug|Any CPU.ActiveCfg = Debug|Any CPU
		{A90F7E5B-9341-48AF-AAC3-8A3FAEC912CD}.Debug|Any CPU.Build.0 = Debug|Any CPU
		{A90F7E5B-9341-48AF-AAC3-8A3FAEC912CD}.Release|Any CPU.ActiveCfg = Release|Any CPU
		{A90F7E5B-9341-48AF-AAC3-8A3FAEC912CD}.Release|Any CPU.Build.0 = Release|Any CPU
		{9A44218B-A802-4C79-8E97-56244C97A5DD}.Debug|Any CPU.ActiveCfg = Debug|Any CPU
		{9A44218B-A802-4C79-8E97-56244C97A5DD}.Debug|Any CPU.Build.0 = Debug|Any CPU
		{9A44218B-A802-4C79-8E97-56244C97A5DD}.Release|Any CPU.ActiveCfg = Release|Any CPU
		{9A44218B-A802-4C79-8E97-56244C97A5DD}.Release|Any CPU.Build.0 = Release|Any CPU
		{E8AFBCE6-5F61-49F3-AFDC-1824ECCAE1FC}.Debug|Any CPU.ActiveCfg = Debug|Any CPU
		{E8AFBCE6-5F61-49F3-AFDC-1824ECCAE1FC}.Debug|Any CPU.Build.0 = Debug|Any CPU
		{E8AFBCE6-5F61-49F3-AFDC-1824ECCAE1FC}.Release|Any CPU.ActiveCfg = Release|Any CPU
		{E8AFBCE6-5F61-49F3-AFDC-1824ECCAE1FC}.Release|Any CPU.Build.0 = Release|Any CPU
	EndGlobalSection
	GlobalSection(SolutionProperties) = preSolution
		HideSolutionNode = FALSE
	EndGlobalSection
	GlobalSection(ExtensibilityGlobals) = postSolution
		SolutionGuid = {EACFF217-D74E-4D19-8577-5F447B347863}
	EndGlobalSection
EndGlobal
