
Microsoft Visual Studio Solution File, Format Version 12.00
# Visual Studio Version 16
VisualStudioVersion = 16.0.29519.87
MinimumVisualStudioVersion = 10.0.40219.1
Project("{FAE04EC0-301F-11D3-BF4B-00C04F79EFBC}") = "SingletonDemo", "SingletonDemo\SingletonDemo.csproj", "{459402F4-C14D-49DC-8EC3-21447A2A0CF0}"
EndProject
Project("{FAE04EC0-301F-11D3-BF4B-00C04F79EFBC}") = "FacadeDemo", "FacadeDemo\FacadeDemo.csproj", "{B7924197-A2B6-43A0-8046-23DC1C410CFA}"
EndProject
Project("{FAE04EC0-301F-11D3-BF4B-00C04F79EFBC}") = "CommandDemo", "CommandDemo\CommandDemo.csproj", "{7A5F63BB-ADAA-4E6D-ADFE-3183BB88AD8F}"
EndProject
Global
	GlobalSection(SolutionConfigurationPlatforms) = preSolution
		Debug|Any CPU = Debug|Any CPU
		Release|Any CPU = Release|Any CPU
	EndGlobalSection
	GlobalSection(ProjectConfigurationPlatforms) = postSolution
		{459402F4-C14D-49DC-8EC3-21447A2A0CF0}.Debug|Any CPU.ActiveCfg = Debug|Any CPU
		{459402F4-C14D-49DC-8EC3-21447A2A0CF0}.Debug|Any CPU.Build.0 = Debug|Any CPU
		{459402F4-C14D-49DC-8EC3-21447A2A0CF0}.Release|Any CPU.ActiveCfg = Release|Any CPU
		{459402F4-C14D-49DC-8EC3-21447A2A0CF0}.Release|Any CPU.Build.0 = Release|Any CPU
		{B7924197-A2B6-43A0-8046-23DC1C410CFA}.Debug|Any CPU.ActiveCfg = Debug|Any CPU
		{B7924197-A2B6-43A0-8046-23DC1C410CFA}.Debug|Any CPU.Build.0 = Debug|Any CPU
		{B7924197-A2B6-43A0-8046-23DC1C410CFA}.Release|Any CPU.ActiveCfg = Release|Any CPU
		{B7924197-A2B6-43A0-8046-23DC1C410CFA}.Release|Any CPU.Build.0 = Release|Any CPU
		{7A5F63BB-ADAA-4E6D-ADFE-3183BB88AD8F}.Debug|Any CPU.ActiveCfg = Debug|Any CPU
		{7A5F63BB-ADAA-4E6D-ADFE-3183BB88AD8F}.Debug|Any CPU.Build.0 = Debug|Any CPU
		{7A5F63BB-ADAA-4E6D-ADFE-3183BB88AD8F}.Release|Any CPU.ActiveCfg = Release|Any CPU
		{7A5F63BB-ADAA-4E6D-ADFE-3183BB88AD8F}.Release|Any CPU.Build.0 = Release|Any CPU
	EndGlobalSection
	GlobalSection(SolutionProperties) = preSolution
		HideSolutionNode = FALSE
	EndGlobalSection
	GlobalSection(ExtensibilityGlobals) = postSolution
		SolutionGuid = {16385093-9E64-4505-9299-B3C1BC790956}
	EndGlobalSection
EndGlobal
